
Microsoft Visual Studio Solution File, Format Version 12.00
# Visual Studio 2013
VisualStudioVersion = 12.0.21005.1
MinimumVisualStudioVersion = 10.0.40219.1
Project("{2150E333-8FDC-42A3-9474-1A3956D46DE8}") = "SuperMarket", "SuperMarket", "{C3D57C83-D054-457C-A7AC-C1D5573EA242}"
EndProject
Project("{2150E333-8FDC-42A3-9474-1A3956D46DE8}") = "PDFNet", "PDFNet", "{A95BD869-20DE-4024-B469-C7C3A84B6969}"
EndProject
Project("{2150E333-8FDC-42A3-9474-1A3956D46DE8}") = "Solution Items", "Solution Items", "{EBB208A6-0039-4507-A441-DF88931A31CA}"
	ProjectSection(SolutionItems) = preProject
		..\说明.txt = ..\说明.txt
	EndProjectSection
EndProject
Project("{2150E333-8FDC-42A3-9474-1A3956D46DE8}") = "Test", "Test", "{2927FA6B-62EB-403B-B70A-D396FE473B14}"
EndProject
Project("{2150E333-8FDC-42A3-9474-1A3956D46DE8}") = "RefDll", "RefDll", "{507240B9-9FCB-423E-AEDA-328C406542D8}"
	ProjectSection(SolutionItems) = preProject
		..\RefDll\SQLite\W32_net35\System.Data.SQLite.dll = ..\RefDll\SQLite\W32_net35\System.Data.SQLite.dll
	EndProjectSection
EndProject
Project("{FAE04EC0-301F-11D3-BF4B-00C04F79EFBC}") = "PWMIS.Core", "..\PWMIS.Core\PWMIS.Core.csproj", "{8F0F4237-4D13-40DD-AE8A-C3DE748B26E0}"
EndProject
Project("{FAE04EC0-301F-11D3-BF4B-00C04F79EFBC}") = "PWMIS.Web", "..\PWMIS.Web\PWMIS.Web.csproj", "{F44AFFAC-9042-47E5-B5E5-921A7AAFF603}"
EndProject
Project("{FAE04EC0-301F-11D3-BF4B-00C04F79EFBC}") = "SuperMarketBLL", "..\SuperMarketMIS\SuperMarketBLL\SuperMarketBLL.csproj", "{32A14B75-6845-48B0-9FB9-9F0DD4D58369}"
EndProject
Project("{FAE04EC0-301F-11D3-BF4B-00C04F79EFBC}") = "SuperMarketDAL", "..\SuperMarketMIS\SuperMarketDAL\SuperMarketDAL.csproj", "{B685E0F6-0082-453F-9494-4EEA87E204EB}"
EndProject
Project("{FAE04EC0-301F-11D3-BF4B-00C04F79EFBC}") = "SuperMarketModel", "..\SuperMarketMIS\SuperMarketModel\SuperMarketModel.csproj", "{3A9CEFCA-C78A-40C4-AD67-3BA26F88FBA4}"
EndProject
Project("{FAE04EC0-301F-11D3-BF4B-00C04F79EFBC}") = "SuperMarketTestConsole", "..\SuperMarketMIS\SuperMarketTestConsole\SuperMarketTestConsole.csproj", "{783A0458-39C6-44A1-927F-3DC075749CC8}"
EndProject
Project("{FAE04EC0-301F-11D3-BF4B-00C04F79EFBC}") = "SuperMarketWeb", "..\SuperMarketMIS\SuperMarketWeb\SuperMarketWeb.csproj", "{FE0F02EB-3D0B-43FD-B37E-7D191549C757}"
EndProject
Project("{FAE04EC0-301F-11D3-BF4B-00C04F79EFBC}") = "PWMIS.DataProvider.SQLite.Mono40", "..\PWMIS.DataProvider.SQLite.mono40\PWMIS.DataProvider.SQLite.Mono40.csproj", "{A9413DFE-AF90-41BC-8811-92C4EA9CBA9E}"
EndProject
Project("{FAE04EC0-301F-11D3-BF4B-00C04F79EFBC}") = "PWMIS.DataProvider.Data.SQLite", "..\PWMIS.DataProvider.Data.SQLite\PWMIS.DataProvider.Data.SQLite.csproj", "{EA876B64-CFF0-4985-B59C-1602B3486D3D}"
EndProject
Project("{FAE04EC0-301F-11D3-BF4B-00C04F79EFBC}") = "TestWebApp", "..\TestWebApp\TestWebApp.csproj", "{79804C76-774C-465E-937A-98AE73237883}"
EndProject
Project("{FAE04EC0-301F-11D3-BF4B-00C04F79EFBC}") = "PWMIS.DataProvider.SQLite.Mono40x32", "..\PWMIS.DataProvider.SQLite.Mono40x32\PWMIS.DataProvider.SQLite.Mono40x32.csproj", "{A7E61000-125D-461B-92B7-D7D00683941C}"
EndProject
Project("{FAE04EC0-301F-11D3-BF4B-00C04F79EFBC}") = "PWMIS.DataProvider.Data.MySQL", "..\PWMIS.DataProvider.Data.MySQL\PWMIS.DataProvider.Data.MySQL.csproj", "{765FFD9B-D356-4E02-BD56-FF52E4E6DD40}"
EndProject
Project("{FAE04EC0-301F-11D3-BF4B-00C04F79EFBC}") = "TestConsoleApp", "..\TestConsoleApp\TestConsoleApp.csproj", "{E6E61854-FB37-495E-8D8D-3AC46116AE08}"
EndProject
Project("{FAE04EC0-301F-11D3-BF4B-00C04F79EFBC}") = "PWMIS.Core.Extensions", "..\PWMIS.Core.Extensions\PWMIS.Core.Extensions.csproj", "{8F1AE0DE-A9F1-43A7-ACE4-ACF667C2F813}"
EndProject
Global
	GlobalSection(TeamFoundationVersionControl) = preSolution
		SccNumberOfProjects = 15
		SccEnterpriseProvider = {4CA58AB2-18FA-4F8D-95D4-32DDF27D184C}
		SccTeamFoundationServer = https://tfs.codeplex.com/tfs/tfs23
		SccLocalPath0 = .
		SccProjectUniqueName1 = ..\\PWMIS.Core\\PWMIS.Core.csproj
		SccProjectTopLevelParentUniqueName1 = PDFNet_WebAppDemo.sln
		SccProjectName1 = ../PWMIS.Core
		SccLocalPath1 = ..\\PWMIS.Core
		SccProjectUniqueName2 = ..\\PWMIS.Web\\PWMIS.Web.csproj
		SccProjectTopLevelParentUniqueName2 = PDFNet_WebAppDemo.sln
		SccProjectName2 = ../PWMIS.Web
		SccLocalPath2 = ..\\PWMIS.Web
		SccProjectUniqueName3 = ..\\SuperMarketMIS\\SuperMarketBLL\\SuperMarketBLL.csproj
		SccProjectTopLevelParentUniqueName3 = PDFNet_WebAppDemo.sln
		SccProjectName3 = ../SuperMarketMIS/SuperMarketBLL
		SccLocalPath3 = ..\\SuperMarketMIS\\SuperMarketBLL
		SccProjectUniqueName4 = ..\\SuperMarketMIS\\SuperMarketDAL\\SuperMarketDAL.csproj
		SccProjectTopLevelParentUniqueName4 = PDFNet_WebAppDemo.sln
		SccProjectName4 = ../SuperMarketMIS/SuperMarketDAL
		SccLocalPath4 = ..\\SuperMarketMIS\\SuperMarketDAL
		SccProjectUniqueName5 = ..\\SuperMarketMIS\\SuperMarketModel\\SuperMarketModel.csproj
		SccProjectTopLevelParentUniqueName5 = PDFNet_WebAppDemo.sln
		SccProjectName5 = ../SuperMarketMIS/SuperMarketModel
		SccLocalPath5 = ..\\SuperMarketMIS\\SuperMarketModel
		SccProjectUniqueName6 = ..\\SuperMarketMIS\\SuperMarketTestConsole\\SuperMarketTestConsole.csproj
		SccProjectTopLevelParentUniqueName6 = PDFNet_WebAppDemo.sln
		SccProjectName6 = ../SuperMarketMIS/SuperMarketTestConsole
		SccLocalPath6 = ..\\SuperMarketMIS\\SuperMarketTestConsole
		SccProjectUniqueName7 = ..\\SuperMarketMIS\\SuperMarketWeb\\SuperMarketWeb.csproj
		SccProjectTopLevelParentUniqueName7 = PDFNet_WebAppDemo.sln
		SccProjectName7 = ../SuperMarketMIS/SuperMarketWeb
		SccLocalPath7 = ..\\SuperMarketMIS\\SuperMarketWeb
		SccProjectUniqueName8 = ..\\PWMIS.DataProvider.SQLite.mono40\\PWMIS.DataProvider.SQLite.Mono40.csproj
		SccProjectTopLevelParentUniqueName8 = PDFNet_WebAppDemo.sln
		SccProjectName8 = ../PWMIS.DataProvider.SQLite.mono40
		SccLocalPath8 = ..\\PWMIS.DataProvider.SQLite.mono40
		SccProjectUniqueName9 = ..\\PWMIS.DataProvider.Data.SQLite\\PWMIS.DataProvider.Data.SQLite.csproj
		SccProjectTopLevelParentUniqueName9 = PDFNet_WebAppDemo.sln
		SccProjectName9 = ../PWMIS.DataProvider.Data.SQLite
		SccLocalPath9 = ..\\PWMIS.DataProvider.Data.SQLite
		SccProjectUniqueName10 = ..\\TestWebApp\\TestWebApp.csproj
		SccProjectTopLevelParentUniqueName10 = PDFNet_WebAppDemo.sln
		SccProjectName10 = ../TestWebApp
		SccLocalPath10 = ..\\TestWebApp
		SccProjectUniqueName11 = ..\\PWMIS.DataProvider.SQLite.Mono40x32\\PWMIS.DataProvider.SQLite.Mono40x32.csproj
		SccProjectTopLevelParentUniqueName11 = PDFNet_WebAppDemo.sln
		SccProjectName11 = ../PWMIS.DataProvider.SQLite.Mono40x32
		SccLocalPath11 = ..\\PWMIS.DataProvider.SQLite.Mono40x32
		SccProjectUniqueName12 = ..\\PWMIS.DataProvider.Data.MySQL\\PWMIS.DataProvider.Data.MySQL.csproj
		SccProjectTopLevelParentUniqueName12 = PDFNet_WebAppDemo.sln
		SccProjectName12 = ../PWMIS.DataProvider.Data.MySQL
		SccLocalPath12 = ..\\PWMIS.DataProvider.Data.MySQL
		SccProjectUniqueName13 = ..\\TestConsoleApp\\TestConsoleApp.csproj
		SccProjectTopLevelParentUniqueName13 = PDFNet_WebAppDemo.sln
		SccProjectName13 = ../TestConsoleApp
		SccLocalPath13 = ..\\TestConsoleApp
		SccProjectUniqueName14 = ..\\PWMIS.Core.Extensions\\PWMIS.Core.Extensions.csproj
		SccProjectTopLevelParentUniqueName14 = PDFNet_WebAppDemo.sln
		SccProjectName14 = ../PWMIS.Core.Extensions
		SccLocalPath14 = ..\\PWMIS.Core.Extensions
	EndGlobalSection
	GlobalSection(SolutionConfigurationPlatforms) = preSolution
		Debug|Any CPU = Debug|Any CPU
		Release|Any CPU = Release|Any CPU
	EndGlobalSection
	GlobalSection(ProjectConfigurationPlatforms) = postSolution
		{8F0F4237-4D13-40DD-AE8A-C3DE748B26E0}.Debug|Any CPU.ActiveCfg = Debug|Any CPU
		{8F0F4237-4D13-40DD-AE8A-C3DE748B26E0}.Debug|Any CPU.Build.0 = Debug|Any CPU
		{8F0F4237-4D13-40DD-AE8A-C3DE748B26E0}.Release|Any CPU.ActiveCfg = Release|Any CPU
		{8F0F4237-4D13-40DD-AE8A-C3DE748B26E0}.Release|Any CPU.Build.0 = Release|Any CPU
		{F44AFFAC-9042-47E5-B5E5-921A7AAFF603}.Debug|Any CPU.ActiveCfg = Debug|Any CPU
		{F44AFFAC-9042-47E5-B5E5-921A7AAFF603}.Debug|Any CPU.Build.0 = Debug|Any CPU
		{F44AFFAC-9042-47E5-B5E5-921A7AAFF603}.Release|Any CPU.ActiveCfg = Release|Any CPU
		{F44AFFAC-9042-47E5-B5E5-921A7AAFF603}.Release|Any CPU.Build.0 = Release|Any CPU
		{32A14B75-6845-48B0-9FB9-9F0DD4D58369}.Debug|Any CPU.ActiveCfg = Debug|Any CPU
		{32A14B75-6845-48B0-9FB9-9F0DD4D58369}.Debug|Any CPU.Build.0 = Debug|Any CPU
		{32A14B75-6845-48B0-9FB9-9F0DD4D58369}.Release|Any CPU.ActiveCfg = Release|Any CPU
		{32A14B75-6845-48B0-9FB9-9F0DD4D58369}.Release|Any CPU.Build.0 = Release|Any CPU
		{B685E0F6-0082-453F-9494-4EEA87E204EB}.Debug|Any CPU.ActiveCfg = Debug|Any CPU
		{B685E0F6-0082-453F-9494-4EEA87E204EB}.Debug|Any CPU.Build.0 = Debug|Any CPU
		{B685E0F6-0082-453F-9494-4EEA87E204EB}.Release|Any CPU.ActiveCfg = Release|Any CPU
		{B685E0F6-0082-453F-9494-4EEA87E204EB}.Release|Any CPU.Build.0 = Release|Any CPU
		{3A9CEFCA-C78A-40C4-AD67-3BA26F88FBA4}.Debug|Any CPU.ActiveCfg = Debug|Any CPU
		{3A9CEFCA-C78A-40C4-AD67-3BA26F88FBA4}.Debug|Any CPU.Build.0 = Debug|Any CPU
		{3A9CEFCA-C78A-40C4-AD67-3BA26F88FBA4}.Release|Any CPU.ActiveCfg = Release|Any CPU
		{3A9CEFCA-C78A-40C4-AD67-3BA26F88FBA4}.Release|Any CPU.Build.0 = Release|Any CPU
		{783A0458-39C6-44A1-927F-3DC075749CC8}.Debug|Any CPU.ActiveCfg = Debug|Any CPU
		{783A0458-39C6-44A1-927F-3DC075749CC8}.Debug|Any CPU.Build.0 = Debug|Any CPU
		{783A0458-39C6-44A1-927F-3DC075749CC8}.Release|Any CPU.ActiveCfg = Release|Any CPU
		{783A0458-39C6-44A1-927F-3DC075749CC8}.Release|Any CPU.Build.0 = Release|Any CPU
		{FE0F02EB-3D0B-43FD-B37E-7D191549C757}.Debug|Any CPU.ActiveCfg = Debug|Any CPU
		{FE0F02EB-3D0B-43FD-B37E-7D191549C757}.Debug|Any CPU.Build.0 = Debug|Any CPU
		{FE0F02EB-3D0B-43FD-B37E-7D191549C757}.Release|Any CPU.ActiveCfg = Release|Any CPU
		{FE0F02EB-3D0B-43FD-B37E-7D191549C757}.Release|Any CPU.Build.0 = Release|Any CPU
		{A9413DFE-AF90-41BC-8811-92C4EA9CBA9E}.Debug|Any CPU.ActiveCfg = Debug|Any CPU
		{A9413DFE-AF90-41BC-8811-92C4EA9CBA9E}.Debug|Any CPU.Build.0 = Debug|Any CPU
		{A9413DFE-AF90-41BC-8811-92C4EA9CBA9E}.Release|Any CPU.ActiveCfg = Release|Any CPU
		{A9413DFE-AF90-41BC-8811-92C4EA9CBA9E}.Release|Any CPU.Build.0 = Release|Any CPU
		{EA876B64-CFF0-4985-B59C-1602B3486D3D}.Debug|Any CPU.ActiveCfg = Debug|Any CPU
		{EA876B64-CFF0-4985-B59C-1602B3486D3D}.Debug|Any CPU.Build.0 = Debug|Any CPU
		{EA876B64-CFF0-4985-B59C-1602B3486D3D}.Release|Any CPU.ActiveCfg = Release|Any CPU
		{EA876B64-CFF0-4985-B59C-1602B3486D3D}.Release|Any CPU.Build.0 = Release|Any CPU
		{79804C76-774C-465E-937A-98AE73237883}.Debug|Any CPU.ActiveCfg = Debug|Any CPU
		{79804C76-774C-465E-937A-98AE73237883}.Debug|Any CPU.Build.0 = Debug|Any CPU
		{79804C76-774C-465E-937A-98AE73237883}.Release|Any CPU.ActiveCfg = Release|Any CPU
		{79804C76-774C-465E-937A-98AE73237883}.Release|Any CPU.Build.0 = Release|Any CPU
		{A7E61000-125D-461B-92B7-D7D00683941C}.Debug|Any CPU.ActiveCfg = Debug|Any CPU
		{A7E61000-125D-461B-92B7-D7D00683941C}.Debug|Any CPU.Build.0 = Debug|Any CPU
		{A7E61000-125D-461B-92B7-D7D00683941C}.Release|Any CPU.ActiveCfg = Release|Any CPU
		{A7E61000-125D-461B-92B7-D7D00683941C}.Release|Any CPU.Build.0 = Release|Any CPU
		{765FFD9B-D356-4E02-BD56-FF52E4E6DD40}.Debug|Any CPU.ActiveCfg = Debug|Any CPU
		{765FFD9B-D356-4E02-BD56-FF52E4E6DD40}.Debug|Any CPU.Build.0 = Debug|Any CPU
		{765FFD9B-D356-4E02-BD56-FF52E4E6DD40}.Release|Any CPU.ActiveCfg = Release|Any CPU
		{765FFD9B-D356-4E02-BD56-FF52E4E6DD40}.Release|Any CPU.Build.0 = Release|Any CPU
		{E6E61854-FB37-495E-8D8D-3AC46116AE08}.Debug|Any CPU.ActiveCfg = Debug|Any CPU
		{E6E61854-FB37-495E-8D8D-3AC46116AE08}.Debug|Any CPU.Build.0 = Debug|Any CPU
		{E6E61854-FB37-495E-8D8D-3AC46116AE08}.Release|Any CPU.ActiveCfg = Release|Any CPU
		{E6E61854-FB37-495E-8D8D-3AC46116AE08}.Release|Any CPU.Build.0 = Release|Any CPU
		{8F1AE0DE-A9F1-43A7-ACE4-ACF667C2F813}.Debug|Any CPU.ActiveCfg = Debug|Any CPU
		{8F1AE0DE-A9F1-43A7-ACE4-ACF667C2F813}.Debug|Any CPU.Build.0 = Debug|Any CPU
		{8F1AE0DE-A9F1-43A7-ACE4-ACF667C2F813}.Release|Any CPU.ActiveCfg = Release|Any CPU
		{8F1AE0DE-A9F1-43A7-ACE4-ACF667C2F813}.Release|Any CPU.Build.0 = Release|Any CPU
	EndGlobalSection
	GlobalSection(SolutionProperties) = preSolution
		HideSolutionNode = FALSE
	EndGlobalSection
	GlobalSection(NestedProjects) = preSolution
		{32A14B75-6845-48B0-9FB9-9F0DD4D58369} = {C3D57C83-D054-457C-A7AC-C1D5573EA242}
		{B685E0F6-0082-453F-9494-4EEA87E204EB} = {C3D57C83-D054-457C-A7AC-C1D5573EA242}
		{3A9CEFCA-C78A-40C4-AD67-3BA26F88FBA4} = {C3D57C83-D054-457C-A7AC-C1D5573EA242}
		{783A0458-39C6-44A1-927F-3DC075749CC8} = {C3D57C83-D054-457C-A7AC-C1D5573EA242}
		{FE0F02EB-3D0B-43FD-B37E-7D191549C757} = {C3D57C83-D054-457C-A7AC-C1D5573EA242}
		{8F0F4237-4D13-40DD-AE8A-C3DE748B26E0} = {A95BD869-20DE-4024-B469-C7C3A84B6969}
		{F44AFFAC-9042-47E5-B5E5-921A7AAFF603} = {A95BD869-20DE-4024-B469-C7C3A84B6969}
		{A9413DFE-AF90-41BC-8811-92C4EA9CBA9E} = {A95BD869-20DE-4024-B469-C7C3A84B6969}
		{EA876B64-CFF0-4985-B59C-1602B3486D3D} = {A95BD869-20DE-4024-B469-C7C3A84B6969}
		{A7E61000-125D-461B-92B7-D7D00683941C} = {A95BD869-20DE-4024-B469-C7C3A84B6969}
		{765FFD9B-D356-4E02-BD56-FF52E4E6DD40} = {A95BD869-20DE-4024-B469-C7C3A84B6969}
		{8F1AE0DE-A9F1-43A7-ACE4-ACF667C2F813} = {A95BD869-20DE-4024-B469-C7C3A84B6969}
		{507240B9-9FCB-423E-AEDA-328C406542D8} = {EBB208A6-0039-4507-A441-DF88931A31CA}
		{79804C76-774C-465E-937A-98AE73237883} = {2927FA6B-62EB-403B-B70A-D396FE473B14}
		{E6E61854-FB37-495E-8D8D-3AC46116AE08} = {2927FA6B-62EB-403B-B70A-D396FE473B14}
	EndGlobalSection
EndGlobal
