
Microsoft Visual Studio Solution File, Format Version 12.00
# Visual Studio 2013
VisualStudioVersion = 12.0.21005.1
MinimumVisualStudioVersion = 10.0.40219.1
Project("{2150E333-8FDC-42A3-9474-1A3956D46DE8}") = "SuperMarket", "SuperMarket", "{C3D57C83-D054-457C-A7AC-C1D5573EA242}"
EndProject
Project("{2150E333-8FDC-42A3-9474-1A3956D46DE8}") = "PDFNet", "PDFNet", "{A95BD869-20DE-4024-B469-C7C3A84B6969}"
EndProject
Project("{2150E333-8FDC-42A3-9474-1A3956D46DE8}") = "Solution Items", "Solution Items", "{EBB208A6-0039-4507-A441-DF88931A31CA}"
	ProjectSection(SolutionItems) = preProject
		..\说明.txt = ..\说明.txt
	EndProjectSection
EndProject
Project("{2150E333-8FDC-42A3-9474-1A3956D46DE8}") = "Test", "Test", "{2927FA6B-62EB-403B-B70A-D396FE473B14}"
EndProject
Project("{2150E333-8FDC-42A3-9474-1A3956D46DE8}") = "RefDll", "RefDll", "{507240B9-9FCB-423E-AEDA-328C406542D8}"
	ProjectSection(SolutionItems) = preProject
		..\RefDll\SQLite\W32_net35\System.Data.SQLite.dll = ..\RefDll\SQLite\W32_net35\System.Data.SQLite.dll
	EndProjectSection
EndProject
Project("{FAE04EC0-301F-11D3-BF4B-00C04F79EFBC}") = "SuperMarketBLL", "..\PWMIS_Application\SuperMarketBLL\SuperMarketBLL.csproj", "{32A14B75-6845-48B0-9FB9-9F0DD4D58369}"
EndProject
Project("{FAE04EC0-301F-11D3-BF4B-00C04F79EFBC}") = "SuperMarketDAL", "..\PWMIS_Application\SuperMarketDAL\SuperMarketDAL.csproj", "{B685E0F6-0082-453F-9494-4EEA87E204EB}"
EndProject
Project("{FAE04EC0-301F-11D3-BF4B-00C04F79EFBC}") = "SuperMarketModel", "..\PWMIS_Application\SuperMarketModel\SuperMarketModel.csproj", "{3A9CEFCA-C78A-40C4-AD67-3BA26F88FBA4}"
EndProject
Project("{FAE04EC0-301F-11D3-BF4B-00C04F79EFBC}") = "SuperMarketTestConsole", "..\PWMIS_Application\SuperMarketTestConsole\SuperMarketTestConsole.csproj", "{783A0458-39C6-44A1-927F-3DC075749CC8}"
EndProject
Project("{FAE04EC0-301F-11D3-BF4B-00C04F79EFBC}") = "SuperMarketWeb", "..\PWMIS_Application\SuperMarketWeb\SuperMarketWeb.csproj", "{FE0F02EB-3D0B-43FD-B37E-7D191549C757}"
EndProject
Global
	GlobalSection(TeamFoundationVersionControl) = preSolution
		SccNumberOfProjects = 6
		SccEnterpriseProvider = {4CA58AB2-18FA-4F8D-95D4-32DDF27D184C}
		SccTeamFoundationServer = https://tfs.codeplex.com/tfs/tfs23
		SccLocalPath0 = .
		SccProjectUniqueName1 = ..\\PWMIS_Application\\SuperMarketBLL\\SuperMarketBLL.csproj
		SccProjectTopLevelParentUniqueName1 = PDFNet_WebAppDemo.sln
		SccProjectName1 = ../SuperMarketMIS/SuperMarketBLL
		SccLocalPath1 = ..\\PWMIS_Application\\SuperMarketBLL
		SccProjectUniqueName2 = ..\\PWMIS_Application\\SuperMarketDAL\\SuperMarketDAL.csproj
		SccProjectTopLevelParentUniqueName2 = PDFNet_WebAppDemo.sln
		SccProjectName2 = ../SuperMarketMIS/SuperMarketDAL
		SccLocalPath2 = ..\\PWMIS_Application\\SuperMarketDAL
		SccProjectUniqueName3 = ..\\PWMIS_Application\\SuperMarketModel\\SuperMarketModel.csproj
		SccProjectTopLevelParentUniqueName3 = PDFNet_WebAppDemo.sln
		SccProjectName3 = ../SuperMarketMIS/SuperMarketModel
		SccLocalPath3 = ..\\PWMIS_Application\\SuperMarketModel
		SccProjectUniqueName4 = ..\\PWMIS_Application\\SuperMarketTestConsole\\SuperMarketTestConsole.csproj
		SccProjectTopLevelParentUniqueName4 = PDFNet_WebAppDemo.sln
		SccProjectName4 = ../SuperMarketMIS/SuperMarketTestConsole
		SccLocalPath4 = ..\\PWMIS_Application\\SuperMarketTestConsole
		SccProjectUniqueName5 = ..\\PWMIS_Application\\SuperMarketWeb\\SuperMarketWeb.csproj
		SccProjectTopLevelParentUniqueName5 = PDFNet_WebAppDemo.sln
		SccProjectName5 = ../SuperMarketMIS/SuperMarketWeb
		SccLocalPath5 = ..\\PWMIS_Application\\SuperMarketWeb
	EndGlobalSection
	GlobalSection(SolutionConfigurationPlatforms) = preSolution
		Debug|Any CPU = Debug|Any CPU
		Release|Any CPU = Release|Any CPU
	EndGlobalSection
	GlobalSection(ProjectConfigurationPlatforms) = postSolution
		{32A14B75-6845-48B0-9FB9-9F0DD4D58369}.Debug|Any CPU.ActiveCfg = Debug|Any CPU
		{32A14B75-6845-48B0-9FB9-9F0DD4D58369}.Debug|Any CPU.Build.0 = Debug|Any CPU
		{32A14B75-6845-48B0-9FB9-9F0DD4D58369}.Release|Any CPU.ActiveCfg = Release|Any CPU
		{32A14B75-6845-48B0-9FB9-9F0DD4D58369}.Release|Any CPU.Build.0 = Release|Any CPU
		{B685E0F6-0082-453F-9494-4EEA87E204EB}.Debug|Any CPU.ActiveCfg = Debug|Any CPU
		{B685E0F6-0082-453F-9494-4EEA87E204EB}.Debug|Any CPU.Build.0 = Debug|Any CPU
		{B685E0F6-0082-453F-9494-4EEA87E204EB}.Release|Any CPU.ActiveCfg = Release|Any CPU
		{B685E0F6-0082-453F-9494-4EEA87E204EB}.Release|Any CPU.Build.0 = Release|Any CPU
		{3A9CEFCA-C78A-40C4-AD67-3BA26F88FBA4}.Debug|Any CPU.ActiveCfg = Debug|Any CPU
		{3A9CEFCA-C78A-40C4-AD67-3BA26F88FBA4}.Debug|Any CPU.Build.0 = Debug|Any CPU
		{3A9CEFCA-C78A-40C4-AD67-3BA26F88FBA4}.Release|Any CPU.ActiveCfg = Release|Any CPU
		{3A9CEFCA-C78A-40C4-AD67-3BA26F88FBA4}.Release|Any CPU.Build.0 = Release|Any CPU
		{783A0458-39C6-44A1-927F-3DC075749CC8}.Debug|Any CPU.ActiveCfg = Debug|Any CPU
		{783A0458-39C6-44A1-927F-3DC075749CC8}.Debug|Any CPU.Build.0 = Debug|Any CPU
		{783A0458-39C6-44A1-927F-3DC075749CC8}.Release|Any CPU.ActiveCfg = Release|Any CPU
		{783A0458-39C6-44A1-927F-3DC075749CC8}.Release|Any CPU.Build.0 = Release|Any CPU
		{FE0F02EB-3D0B-43FD-B37E-7D191549C757}.Debug|Any CPU.ActiveCfg = Debug|Any CPU
		{FE0F02EB-3D0B-43FD-B37E-7D191549C757}.Debug|Any CPU.Build.0 = Debug|Any CPU
		{FE0F02EB-3D0B-43FD-B37E-7D191549C757}.Release|Any CPU.ActiveCfg = Release|Any CPU
		{FE0F02EB-3D0B-43FD-B37E-7D191549C757}.Release|Any CPU.Build.0 = Release|Any CPU
	EndGlobalSection
	GlobalSection(SolutionProperties) = preSolution
		HideSolutionNode = FALSE
	EndGlobalSection
	GlobalSection(NestedProjects) = preSolution
		{32A14B75-6845-48B0-9FB9-9F0DD4D58369} = {C3D57C83-D054-457C-A7AC-C1D5573EA242}
		{B685E0F6-0082-453F-9494-4EEA87E204EB} = {C3D57C83-D054-457C-A7AC-C1D5573EA242}
		{3A9CEFCA-C78A-40C4-AD67-3BA26F88FBA4} = {C3D57C83-D054-457C-A7AC-C1D5573EA242}
		{783A0458-39C6-44A1-927F-3DC075749CC8} = {C3D57C83-D054-457C-A7AC-C1D5573EA242}
		{FE0F02EB-3D0B-43FD-B37E-7D191549C757} = {C3D57C83-D054-457C-A7AC-C1D5573EA242}
		{507240B9-9FCB-423E-AEDA-328C406542D8} = {EBB208A6-0039-4507-A441-DF88931A31CA}
	EndGlobalSection
EndGlobal
