
Microsoft Visual Studio Solution File, Format Version 10.00
# Visual Studio 2008
Project("{2150E333-8FDC-42A3-9474-1A3956D46DE8}") = "DllRef", "DllRef", "{462A8D29-9F25-42B3-AF19-C07F9F1A5773}"
	ProjectSection(SolutionItems) = preProject
		DllRef\PWMIS.Core.dll = DllRef\PWMIS.Core.dll
		DllRef\PWMIS.Web.dll = DllRef\PWMIS.Web.dll
		DllRef\PWMIS.Windows.dll = DllRef\PWMIS.Windows.dll
	EndProjectSection
EndProject
Project("{FAE04EC0-301F-11D3-BF4B-00C04F79EFBC}") = "SuperMarketBLL", "SuperMarketBLL\SuperMarketBLL.csproj", "{32A14B75-6845-48B0-9FB9-9F0DD4D58369}"
EndProject
Project("{FAE04EC0-301F-11D3-BF4B-00C04F79EFBC}") = "SuperMarketWeb", "SuperMarketWeb\SuperMarketWeb.csproj", "{FE0F02EB-3D0B-43FD-B37E-7D191549C757}"
EndProject
Project("{FAE04EC0-301F-11D3-BF4B-00C04F79EFBC}") = "SuperMarketModel", "SuperMarketModel\SuperMarketModel.csproj", "{3A9CEFCA-C78A-40C4-AD67-3BA26F88FBA4}"
EndProject
Project("{FAE04EC0-301F-11D3-BF4B-00C04F79EFBC}") = "SuperMarketTestConsole", "SuperMarketTestConsole\SuperMarketTestConsole.csproj", "{783A0458-39C6-44A1-927F-3DC075749CC8}"
EndProject
Project("{FAE04EC0-301F-11D3-BF4B-00C04F79EFBC}") = "SuperMarketDAL", "SuperMarketDAL\SuperMarketDAL.csproj", "{B685E0F6-0082-453F-9494-4EEA87E204EB}"
EndProject
Global
	GlobalSection(SolutionConfigurationPlatforms) = preSolution
		Debug|Any CPU = Debug|Any CPU
		Release|Any CPU = Release|Any CPU
	EndGlobalSection
	GlobalSection(ProjectConfigurationPlatforms) = postSolution
		{32A14B75-6845-48B0-9FB9-9F0DD4D58369}.Debug|Any CPU.ActiveCfg = Debug|Any CPU
		{32A14B75-6845-48B0-9FB9-9F0DD4D58369}.Debug|Any CPU.Build.0 = Debug|Any CPU
		{32A14B75-6845-48B0-9FB9-9F0DD4D58369}.Release|Any CPU.ActiveCfg = Release|Any CPU
		{32A14B75-6845-48B0-9FB9-9F0DD4D58369}.Release|Any CPU.Build.0 = Release|Any CPU
		{FE0F02EB-3D0B-43FD-B37E-7D191549C757}.Debug|Any CPU.ActiveCfg = Debug|Any CPU
		{FE0F02EB-3D0B-43FD-B37E-7D191549C757}.Debug|Any CPU.Build.0 = Debug|Any CPU
		{FE0F02EB-3D0B-43FD-B37E-7D191549C757}.Release|Any CPU.ActiveCfg = Release|Any CPU
		{FE0F02EB-3D0B-43FD-B37E-7D191549C757}.Release|Any CPU.Build.0 = Release|Any CPU
		{3A9CEFCA-C78A-40C4-AD67-3BA26F88FBA4}.Debug|Any CPU.ActiveCfg = Debug|Any CPU
		{3A9CEFCA-C78A-40C4-AD67-3BA26F88FBA4}.Debug|Any CPU.Build.0 = Debug|Any CPU
		{3A9CEFCA-C78A-40C4-AD67-3BA26F88FBA4}.Release|Any CPU.ActiveCfg = Release|Any CPU
		{3A9CEFCA-C78A-40C4-AD67-3BA26F88FBA4}.Release|Any CPU.Build.0 = Release|Any CPU
		{783A0458-39C6-44A1-927F-3DC075749CC8}.Debug|Any CPU.ActiveCfg = Debug|Any CPU
		{783A0458-39C6-44A1-927F-3DC075749CC8}.Debug|Any CPU.Build.0 = Debug|Any CPU
		{783A0458-39C6-44A1-927F-3DC075749CC8}.Release|Any CPU.ActiveCfg = Release|Any CPU
		{783A0458-39C6-44A1-927F-3DC075749CC8}.Release|Any CPU.Build.0 = Release|Any CPU
		{B685E0F6-0082-453F-9494-4EEA87E204EB}.Debug|Any CPU.ActiveCfg = Debug|Any CPU
		{B685E0F6-0082-453F-9494-4EEA87E204EB}.Debug|Any CPU.Build.0 = Debug|Any CPU
		{B685E0F6-0082-453F-9494-4EEA87E204EB}.Release|Any CPU.ActiveCfg = Release|Any CPU
		{B685E0F6-0082-453F-9494-4EEA87E204EB}.Release|Any CPU.Build.0 = Release|Any CPU
	EndGlobalSection
	GlobalSection(SolutionProperties) = preSolution
		HideSolutionNode = FALSE
	EndGlobalSection
EndGlobal
