
Microsoft Visual Studio Solution File, Format Version 12.00
# Visual Studio Version 17
VisualStudioVersion = 17.9.34728.123
MinimumVisualStudioVersion = 10.0.40219.1
Project("{2150E333-8FDC-42A3-9474-1A3956D46DE8}") = "Lib", "Lib", "{114850E0-A30A-4426-8D0C-03BF72E0FB7C}"
EndProject
Project("{9A19103F-16F7-4668-BE54-9A1E7A4F7556}") = "PWMIS.SOD.Core", "Lib\PWMIS.SOD.Core\PWMIS.SOD.Core.csproj", "{E7846751-8B85-4661-BB10-B4DD68335C65}"
EndProject
Project("{9A19103F-16F7-4668-BE54-9A1E7A4F7556}") = "PWMIS.SOD.Core.Extensions", "Lib\PWMIS.SOD.Core.Extensions\PWMIS.SOD.Core.Extensions.csproj", "{C2286B6C-B3C8-4D09-B0D8-7AF40138800C}"
EndProject
Project("{2150E333-8FDC-42A3-9474-1A3956D46DE8}") = "OtherProvider", "OtherProvider", "{521B1FC5-C012-41A2-A692-EC14AACC9A28}"
EndProject
Project("{9A19103F-16F7-4668-BE54-9A1E7A4F7556}") = "PWMIS.DataProvider.Data.MySQL", "OtherProvider\PWMIS.DataProvider.Data.MySQL\PWMIS.DataProvider.Data.MySQL.csproj", "{588DA866-DC22-42B8-A6AE-F0D9BB6F0134}"
EndProject
Project("{9A19103F-16F7-4668-BE54-9A1E7A4F7556}") = "PWMIS.DataProvider.Data.Oracle", "OtherProvider\PWMIS.DataProvider.Data.Oracle\PWMIS.DataProvider.Data.Oracle.csproj", "{59442E16-7F69-49CE-B896-429729F51E2D}"
EndProject
Project("{9A19103F-16F7-4668-BE54-9A1E7A4F7556}") = "PWMIS.DataProvider.Data.PostgreSQL", "OtherProvider\PWMIS.DataProvider.Data.PostgreSQL\PWMIS.DataProvider.Data.PostgreSQL.csproj", "{D2132085-6087-4DBC-AF0A-BE5752AA0795}"
EndProject
Project("{2150E333-8FDC-42A3-9474-1A3956D46DE8}") = "Test", "Test", "{501BC81E-1125-49E9-84F0-B22E209DE9FB}"
EndProject
Project("{9A19103F-16F7-4668-BE54-9A1E7A4F7556}") = "ConsoleAppTest", "Test\ConsoleAppTest\ConsoleAppTest.csproj", "{344D4D1E-4E13-4187-A8F9-DC213D988E92}"
EndProject
Project("{9A19103F-16F7-4668-BE54-9A1E7A4F7556}") = "PWMIS.DataProvider.Data.Dameng", "OtherProvider\PWMIS.DataProvider.Data.Dameng\PWMIS.DataProvider.Data.Dameng.csproj", "{AB003DC4-A0BF-46D2-9B0F-87A58E9DFA04}"
EndProject
Project("{9A19103F-16F7-4668-BE54-9A1E7A4F7556}") = "PWMIS.DataProvider.Data.Kingbase", "OtherProvider\PWMIS.DataProvider.Data.Kingbase\PWMIS.DataProvider.Data.Kingbase.csproj", "{C6D467B5-4216-4C08-848E-4A4D80F2AFBE}"
EndProject
Project("{9A19103F-16F7-4668-BE54-9A1E7A4F7556}") = "KingbaseTest", "Test\KingbaseTest\KingbaseTest.csproj", "{D6015E99-058B-427A-A899-90D3214F2D3A}"
EndProject
Project("{9A19103F-16F7-4668-BE54-9A1E7A4F7556}") = "DamengTest", "Test\DamengTest\DamengTest.csproj", "{6DCF7702-021E-46F0-B44D-0F4D13C5E02A}"
EndProject
Project("{2150E333-8FDC-42A3-9474-1A3956D46DE8}") = "SimpleExample", "SimpleExample", "{01847FBD-2B26-4929-B0AC-DEF0266BE397}"
EndProject
Project("{FAE04EC0-301F-11D3-BF4B-00C04F79EFBC}") = "SimpleWebApi", "SimpleExample\SimpleWebApi\SimpleWebApi.csproj", "{A1C3385D-D714-4851-8017-03DB5CB1746E}"
EndProject
Project("{FAE04EC0-301F-11D3-BF4B-00C04F79EFBC}") = "SimpleDemo.Interface", "SimpleExample\SimpleDemo.Interface\SimpleDemo.Interface.csproj", "{08072CDE-227F-4D43-B216-1582F19C0BAF}"
EndProject
Project("{FAE04EC0-301F-11D3-BF4B-00C04F79EFBC}") = "SimpleDemo.Model", "SimpleExample\SimpleDemo.Model\SimpleDemo.Model.csproj", "{AAF4E149-1A76-40C3-B1DB-C257E62E6E6D}"
EndProject
Project("{FAE04EC0-301F-11D3-BF4B-00C04F79EFBC}") = "SimpleDemo.Service", "SimpleExample\SimpleDemo.Service\SimpleDemo.Service.csproj", "{900D2BA8-311D-46E0-82EF-96DF75DFD925}"
EndProject
Project("{FAE04EC0-301F-11D3-BF4B-00C04F79EFBC}") = "SimpleDemo.Repository", "SimpleExample\SimpleDemo.Repository\SimpleDemo.Repository.csproj", "{EC0B0FA8-8034-421F-B9B8-6DE545CE91BD}"
EndProject
Global
	GlobalSection(SolutionConfigurationPlatforms) = preSolution
		Debug|Any CPU = Debug|Any CPU
		Release|Any CPU = Release|Any CPU
	EndGlobalSection
	GlobalSection(ProjectConfigurationPlatforms) = postSolution
		{E7846751-8B85-4661-BB10-B4DD68335C65}.Debug|Any CPU.ActiveCfg = Debug|Any CPU
		{E7846751-8B85-4661-BB10-B4DD68335C65}.Debug|Any CPU.Build.0 = Debug|Any CPU
		{E7846751-8B85-4661-BB10-B4DD68335C65}.Release|Any CPU.ActiveCfg = Release|Any CPU
		{E7846751-8B85-4661-BB10-B4DD68335C65}.Release|Any CPU.Build.0 = Release|Any CPU
		{C2286B6C-B3C8-4D09-B0D8-7AF40138800C}.Debug|Any CPU.ActiveCfg = Debug|Any CPU
		{C2286B6C-B3C8-4D09-B0D8-7AF40138800C}.Debug|Any CPU.Build.0 = Debug|Any CPU
		{C2286B6C-B3C8-4D09-B0D8-7AF40138800C}.Release|Any CPU.ActiveCfg = Release|Any CPU
		{C2286B6C-B3C8-4D09-B0D8-7AF40138800C}.Release|Any CPU.Build.0 = Release|Any CPU
		{588DA866-DC22-42B8-A6AE-F0D9BB6F0134}.Debug|Any CPU.ActiveCfg = Debug|Any CPU
		{588DA866-DC22-42B8-A6AE-F0D9BB6F0134}.Debug|Any CPU.Build.0 = Debug|Any CPU
		{588DA866-DC22-42B8-A6AE-F0D9BB6F0134}.Release|Any CPU.ActiveCfg = Release|Any CPU
		{588DA866-DC22-42B8-A6AE-F0D9BB6F0134}.Release|Any CPU.Build.0 = Release|Any CPU
		{59442E16-7F69-49CE-B896-429729F51E2D}.Debug|Any CPU.ActiveCfg = Debug|Any CPU
		{59442E16-7F69-49CE-B896-429729F51E2D}.Debug|Any CPU.Build.0 = Debug|Any CPU
		{59442E16-7F69-49CE-B896-429729F51E2D}.Release|Any CPU.ActiveCfg = Release|Any CPU
		{59442E16-7F69-49CE-B896-429729F51E2D}.Release|Any CPU.Build.0 = Release|Any CPU
		{D2132085-6087-4DBC-AF0A-BE5752AA0795}.Debug|Any CPU.ActiveCfg = Debug|Any CPU
		{D2132085-6087-4DBC-AF0A-BE5752AA0795}.Debug|Any CPU.Build.0 = Debug|Any CPU
		{D2132085-6087-4DBC-AF0A-BE5752AA0795}.Release|Any CPU.ActiveCfg = Release|Any CPU
		{D2132085-6087-4DBC-AF0A-BE5752AA0795}.Release|Any CPU.Build.0 = Release|Any CPU
		{344D4D1E-4E13-4187-A8F9-DC213D988E92}.Debug|Any CPU.ActiveCfg = Debug|Any CPU
		{344D4D1E-4E13-4187-A8F9-DC213D988E92}.Debug|Any CPU.Build.0 = Debug|Any CPU
		{344D4D1E-4E13-4187-A8F9-DC213D988E92}.Release|Any CPU.ActiveCfg = Release|Any CPU
		{344D4D1E-4E13-4187-A8F9-DC213D988E92}.Release|Any CPU.Build.0 = Release|Any CPU
		{AB003DC4-A0BF-46D2-9B0F-87A58E9DFA04}.Debug|Any CPU.ActiveCfg = Debug|Any CPU
		{AB003DC4-A0BF-46D2-9B0F-87A58E9DFA04}.Debug|Any CPU.Build.0 = Debug|Any CPU
		{AB003DC4-A0BF-46D2-9B0F-87A58E9DFA04}.Release|Any CPU.ActiveCfg = Release|Any CPU
		{AB003DC4-A0BF-46D2-9B0F-87A58E9DFA04}.Release|Any CPU.Build.0 = Release|Any CPU
		{C6D467B5-4216-4C08-848E-4A4D80F2AFBE}.Debug|Any CPU.ActiveCfg = Debug|Any CPU
		{C6D467B5-4216-4C08-848E-4A4D80F2AFBE}.Debug|Any CPU.Build.0 = Debug|Any CPU
		{C6D467B5-4216-4C08-848E-4A4D80F2AFBE}.Release|Any CPU.ActiveCfg = Release|Any CPU
		{C6D467B5-4216-4C08-848E-4A4D80F2AFBE}.Release|Any CPU.Build.0 = Release|Any CPU
		{D6015E99-058B-427A-A899-90D3214F2D3A}.Debug|Any CPU.ActiveCfg = Debug|Any CPU
		{D6015E99-058B-427A-A899-90D3214F2D3A}.Debug|Any CPU.Build.0 = Debug|Any CPU
		{D6015E99-058B-427A-A899-90D3214F2D3A}.Release|Any CPU.ActiveCfg = Release|Any CPU
		{D6015E99-058B-427A-A899-90D3214F2D3A}.Release|Any CPU.Build.0 = Release|Any CPU
		{6DCF7702-021E-46F0-B44D-0F4D13C5E02A}.Debug|Any CPU.ActiveCfg = Debug|Any CPU
		{6DCF7702-021E-46F0-B44D-0F4D13C5E02A}.Debug|Any CPU.Build.0 = Debug|Any CPU
		{6DCF7702-021E-46F0-B44D-0F4D13C5E02A}.Release|Any CPU.ActiveCfg = Release|Any CPU
		{6DCF7702-021E-46F0-B44D-0F4D13C5E02A}.Release|Any CPU.Build.0 = Release|Any CPU
		{A1C3385D-D714-4851-8017-03DB5CB1746E}.Debug|Any CPU.ActiveCfg = Debug|Any CPU
		{A1C3385D-D714-4851-8017-03DB5CB1746E}.Debug|Any CPU.Build.0 = Debug|Any CPU
		{A1C3385D-D714-4851-8017-03DB5CB1746E}.Release|Any CPU.ActiveCfg = Release|Any CPU
		{A1C3385D-D714-4851-8017-03DB5CB1746E}.Release|Any CPU.Build.0 = Release|Any CPU
		{08072CDE-227F-4D43-B216-1582F19C0BAF}.Debug|Any CPU.ActiveCfg = Debug|Any CPU
		{08072CDE-227F-4D43-B216-1582F19C0BAF}.Debug|Any CPU.Build.0 = Debug|Any CPU
		{08072CDE-227F-4D43-B216-1582F19C0BAF}.Release|Any CPU.ActiveCfg = Release|Any CPU
		{08072CDE-227F-4D43-B216-1582F19C0BAF}.Release|Any CPU.Build.0 = Release|Any CPU
		{AAF4E149-1A76-40C3-B1DB-C257E62E6E6D}.Debug|Any CPU.ActiveCfg = Debug|Any CPU
		{AAF4E149-1A76-40C3-B1DB-C257E62E6E6D}.Debug|Any CPU.Build.0 = Debug|Any CPU
		{AAF4E149-1A76-40C3-B1DB-C257E62E6E6D}.Release|Any CPU.ActiveCfg = Release|Any CPU
		{AAF4E149-1A76-40C3-B1DB-C257E62E6E6D}.Release|Any CPU.Build.0 = Release|Any CPU
		{900D2BA8-311D-46E0-82EF-96DF75DFD925}.Debug|Any CPU.ActiveCfg = Debug|Any CPU
		{900D2BA8-311D-46E0-82EF-96DF75DFD925}.Debug|Any CPU.Build.0 = Debug|Any CPU
		{900D2BA8-311D-46E0-82EF-96DF75DFD925}.Release|Any CPU.ActiveCfg = Release|Any CPU
		{900D2BA8-311D-46E0-82EF-96DF75DFD925}.Release|Any CPU.Build.0 = Release|Any CPU
		{EC0B0FA8-8034-421F-B9B8-6DE545CE91BD}.Debug|Any CPU.ActiveCfg = Debug|Any CPU
		{EC0B0FA8-8034-421F-B9B8-6DE545CE91BD}.Debug|Any CPU.Build.0 = Debug|Any CPU
		{EC0B0FA8-8034-421F-B9B8-6DE545CE91BD}.Release|Any CPU.ActiveCfg = Release|Any CPU
		{EC0B0FA8-8034-421F-B9B8-6DE545CE91BD}.Release|Any CPU.Build.0 = Release|Any CPU
	EndGlobalSection
	GlobalSection(SolutionProperties) = preSolution
		HideSolutionNode = FALSE
	EndGlobalSection
	GlobalSection(NestedProjects) = preSolution
		{E7846751-8B85-4661-BB10-B4DD68335C65} = {114850E0-A30A-4426-8D0C-03BF72E0FB7C}
		{C2286B6C-B3C8-4D09-B0D8-7AF40138800C} = {114850E0-A30A-4426-8D0C-03BF72E0FB7C}
		{588DA866-DC22-42B8-A6AE-F0D9BB6F0134} = {521B1FC5-C012-41A2-A692-EC14AACC9A28}
		{59442E16-7F69-49CE-B896-429729F51E2D} = {521B1FC5-C012-41A2-A692-EC14AACC9A28}
		{D2132085-6087-4DBC-AF0A-BE5752AA0795} = {521B1FC5-C012-41A2-A692-EC14AACC9A28}
		{344D4D1E-4E13-4187-A8F9-DC213D988E92} = {501BC81E-1125-49E9-84F0-B22E209DE9FB}
		{AB003DC4-A0BF-46D2-9B0F-87A58E9DFA04} = {521B1FC5-C012-41A2-A692-EC14AACC9A28}
		{C6D467B5-4216-4C08-848E-4A4D80F2AFBE} = {521B1FC5-C012-41A2-A692-EC14AACC9A28}
		{D6015E99-058B-427A-A899-90D3214F2D3A} = {501BC81E-1125-49E9-84F0-B22E209DE9FB}
		{6DCF7702-021E-46F0-B44D-0F4D13C5E02A} = {501BC81E-1125-49E9-84F0-B22E209DE9FB}
		{A1C3385D-D714-4851-8017-03DB5CB1746E} = {01847FBD-2B26-4929-B0AC-DEF0266BE397}
		{08072CDE-227F-4D43-B216-1582F19C0BAF} = {01847FBD-2B26-4929-B0AC-DEF0266BE397}
		{AAF4E149-1A76-40C3-B1DB-C257E62E6E6D} = {01847FBD-2B26-4929-B0AC-DEF0266BE397}
		{900D2BA8-311D-46E0-82EF-96DF75DFD925} = {01847FBD-2B26-4929-B0AC-DEF0266BE397}
		{EC0B0FA8-8034-421F-B9B8-6DE545CE91BD} = {01847FBD-2B26-4929-B0AC-DEF0266BE397}
	EndGlobalSection
	GlobalSection(ExtensibilityGlobals) = postSolution
		SolutionGuid = {A45F51F5-1687-4BFE-B248-EE3E5C487857}
	EndGlobalSection
EndGlobal
