
Microsoft Visual Studio Solution File, Format Version 12.00
# Visual Studio 2013
VisualStudioVersion = 12.0.21005.1
MinimumVisualStudioVersion = 10.0.40219.1
Project("{2150E333-8FDC-42A3-9474-1A3956D46DE8}") = "Lib", "Lib", "{63B868D2-6CFF-4B03-8A57-F8963055418D}"
EndProject
Project("{2150E333-8FDC-42A3-9474-1A3956D46DE8}") = "Test", "Test", "{5179F554-5939-450B-B4BB-B177977DEA9B}"
EndProject
Project("{2150E333-8FDC-42A3-9474-1A3956D46DE8}") = "Tools", "Tools", "{9854DD26-9CA3-45ED-9A51-C614C0F5EBD8}"
EndProject
Project("{2150E333-8FDC-42A3-9474-1A3956D46DE8}") = "OtherProvider", "OtherProvider", "{2A4234BB-564F-402C-9C23-466843666189}"
EndProject
Project("{2150E333-8FDC-42A3-9474-1A3956D46DE8}") = "Example", "Example", "{09629F97-3C50-4B71-8327-BC10CBEF07AD}"
EndProject
Project("{FAE04EC0-301F-11D3-BF4B-00C04F79EFBC}") = "PWMIS.Core-2013", "Lib\PWMIS.Core\PWMIS.Core-2013.csproj", "{8F0F4237-4D13-40DD-AE8A-C3DE748B26E0}"
EndProject
Project("{FAE04EC0-301F-11D3-BF4B-00C04F79EFBC}") = "PWMIS.Access.Extensions-2013", "Lib\PWMIS.Access.Extensions\PWMIS.Access.Extensions-2013.csproj", "{0ACE1995-6254-47F1-8758-C79B9CDCF424}"
EndProject
Project("{FAE04EC0-301F-11D3-BF4B-00C04F79EFBC}") = "PWMIS.Core.Extensions-2013", "Lib\PWMIS.Core.Extensions\PWMIS.Core.Extensions-2013.csproj", "{8F1AE0DE-A9F1-43A7-ACE4-ACF667C2F813}"
EndProject
Project("{FAE04EC0-301F-11D3-BF4B-00C04F79EFBC}") = "PWMIS.Web-2013", "Lib\PWMIS.Web\PWMIS.Web-2013.csproj", "{F44AFFAC-9042-47E5-B5E5-921A7AAFF603}"
EndProject
Project("{FAE04EC0-301F-11D3-BF4B-00C04F79EFBC}") = "PWMIS.Windows-2013", "Lib\PWMIS.Windows\PWMIS.Windows-2013.csproj", "{568329DC-3004-4283-945E-375FB6D908B1}"
EndProject
Project("{FAE04EC0-301F-11D3-BF4B-00C04F79EFBC}") = "SimpleAccessWinForm-2013", "Example\SimpleAccessWinForm\SimpleAccessWinForm-2013.csproj", "{9338057C-0762-4A72-8B12-9EB907D1538C}"
EndProject
Project("{FAE04EC0-301F-11D3-BF4B-00C04F79EFBC}") = "PWMIS.DataProvider.Data.MySQL-2013", "OtherProvider\PWMIS.DataProvider.Data.MySQL\PWMIS.DataProvider.Data.MySQL-2013.csproj", "{765FFD9B-D356-4E02-BD56-FF52E4E6DD40}"
EndProject
Project("{FAE04EC0-301F-11D3-BF4B-00C04F79EFBC}") = "PWMIS.DataProvider.Data.PostgreSQL-2013", "OtherProvider\PWMIS.DataProvider.Data.PostgreSQL\PWMIS.DataProvider.Data.PostgreSQL-2013.csproj", "{28DFD6DA-925D-41A7-ABBB-A2976CA1A1D8}"
EndProject
Project("{FAE04EC0-301F-11D3-BF4B-00C04F79EFBC}") = "PWMIS.DataProvider.Data.SQLite-2013", "OtherProvider\PWMIS.DataProvider.Data.SQLite\PWMIS.DataProvider.Data.SQLite-2013.csproj", "{EA876B64-CFF0-4985-B59C-1602B3486D3D}"
EndProject
Project("{FAE04EC0-301F-11D3-BF4B-00C04F79EFBC}") = "ConsoleTest-2013", "Test\ConsoleTest\ConsoleTest-2013.csproj", "{6F6D230D-A249-4956-8474-518B4E091E88}"
EndProject
Project("{FAE04EC0-301F-11D3-BF4B-00C04F79EFBC}") = "OQLTest-2013", "Test\OQLTest\OQLTest-2013.csproj", "{8C197DD4-82E0-4AB3-9091-C61556F4CE64}"
EndProject
Project("{FAE04EC0-301F-11D3-BF4B-00C04F79EFBC}") = "WebTest-2013", "Test\WebApplication1\WebTest-2013.csproj", "{65B743B9-62D5-44C9-AD3A-730E029C799C}"
EndProject
Project("{FAE04EC0-301F-11D3-BF4B-00C04F79EFBC}") = "WinFormTest-2013", "Test\WinFormTest\WinFormTest-2013.csproj", "{FF722031-887E-4822-9181-80643CF06A11}"
EndProject
Project("{F184B08F-C81C-45F6-A57F-5ABD9991F28F}") = "PDFDotNET-2013", "Tools\PDFDotNET\PDFDotNET-2013.vbproj", "{17C4E2B2-878B-4674-A78C-8D446B376C23}"
EndProject
Project("{FAE04EC0-301F-11D3-BF4B-00C04F79EFBC}") = "PWIMIS.Core.AccessTest", "Test\PWIMIS.Core.Test\PWIMIS.Core.AccessTest.csproj", "{C9499804-3A9D-4694-A2A2-BB252CFF85A2}"
EndProject
Global
	GlobalSection(TeamFoundationVersionControl) = preSolution
		SccNumberOfProjects = 16
		SccEnterpriseProvider = {4CA58AB2-18FA-4F8D-95D4-32DDF27D184C}
		SccTeamFoundationServer = https://tfs.codeplex.com/tfs/tfs23
		SccLocalPath0 = .
		SccProjectUniqueName1 = Example\\SimpleAccessWinForm\\SimpleAccessWinForm-2013.csproj
		SccProjectTopLevelParentUniqueName1 = PWMIS-2013.sln
		SccProjectName1 = Example/SimpleAccessWinForm
		SccLocalPath1 = Example\\SimpleAccessWinForm
		SccProjectUniqueName2 = Lib\\PWMIS.Access.Extensions\\PWMIS.Access.Extensions-2013.csproj
		SccProjectTopLevelParentUniqueName2 = PWMIS-2013.sln
		SccProjectName2 = Lib/PWMIS.Access.Extensions
		SccLocalPath2 = Lib\\PWMIS.Access.Extensions
		SccProjectUniqueName3 = Lib\\PWMIS.Core.Extensions\\PWMIS.Core.Extensions-2013.csproj
		SccProjectTopLevelParentUniqueName3 = PWMIS-2013.sln
		SccProjectName3 = Lib/PWMIS.Core.Extensions
		SccLocalPath3 = Lib\\PWMIS.Core.Extensions
		SccProjectUniqueName4 = Lib\\PWMIS.Core\\PWMIS.Core-2013.csproj
		SccProjectTopLevelParentUniqueName4 = PWMIS-2013.sln
		SccProjectName4 = Lib/PWMIS.Core
		SccLocalPath4 = Lib\\PWMIS.Core
		SccProjectUniqueName5 = Lib\\PWMIS.Web\\PWMIS.Web-2013.csproj
		SccProjectTopLevelParentUniqueName5 = PWMIS-2013.sln
		SccProjectName5 = Lib/PWMIS.Web
		SccLocalPath5 = Lib\\PWMIS.Web
		SccProjectUniqueName6 = Lib\\PWMIS.Windows\\PWMIS.Windows-2013.csproj
		SccProjectTopLevelParentUniqueName6 = PWMIS-2013.sln
		SccProjectName6 = Lib/PWMIS.Windows
		SccLocalPath6 = Lib\\PWMIS.Windows
		SccProjectUniqueName7 = OtherProvider\\PWMIS.DataProvider.Data.MySQL\\PWMIS.DataProvider.Data.MySQL-2013.csproj
		SccProjectTopLevelParentUniqueName7 = PWMIS-2013.sln
		SccProjectName7 = OtherProvider/PWMIS.DataProvider.Data.MySQL
		SccLocalPath7 = OtherProvider\\PWMIS.DataProvider.Data.MySQL
		SccProjectUniqueName8 = OtherProvider\\PWMIS.DataProvider.Data.PostgreSQL\\PWMIS.DataProvider.Data.PostgreSQL-2013.csproj
		SccProjectTopLevelParentUniqueName8 = PWMIS-2013.sln
		SccProjectName8 = OtherProvider/PWMIS.DataProvider.Data.PostgreSQL
		SccLocalPath8 = OtherProvider\\PWMIS.DataProvider.Data.PostgreSQL
		SccProjectUniqueName9 = OtherProvider\\PWMIS.DataProvider.Data.SQLite\\PWMIS.DataProvider.Data.SQLite-2013.csproj
		SccProjectTopLevelParentUniqueName9 = PWMIS-2013.sln
		SccProjectName9 = OtherProvider/PWMIS.DataProvider.Data.SQLite
		SccLocalPath9 = OtherProvider\\PWMIS.DataProvider.Data.SQLite
		SccProjectUniqueName10 = Test\\ConsoleTest\\ConsoleTest-2013.csproj
		SccProjectTopLevelParentUniqueName10 = PWMIS-2013.sln
		SccProjectName10 = Test/ConsoleTest
		SccLocalPath10 = Test\\ConsoleTest
		SccProjectUniqueName11 = Test\\OQLTest\\OQLTest-2013.csproj
		SccProjectTopLevelParentUniqueName11 = PWMIS-2013.sln
		SccProjectName11 = Test/OQLTest
		SccLocalPath11 = Test\\OQLTest
		SccProjectUniqueName12 = Test\\PWIMIS.Core.Test\\PWIMIS.Core.AccessTest.csproj
		SccProjectTopLevelParentUniqueName12 = PWMIS-2013.sln
		SccProjectName12 = Test/PWIMIS.Core.Test
		SccLocalPath12 = Test\\PWIMIS.Core.Test
		SccProjectUniqueName13 = Test\\WebApplication1\\WebTest-2013.csproj
		SccProjectTopLevelParentUniqueName13 = PWMIS-2013.sln
		SccProjectName13 = Test/WebApplication1
		SccLocalPath13 = Test\\WebApplication1
		SccProjectUniqueName14 = Test\\WinFormTest\\WinFormTest-2013.csproj
		SccProjectTopLevelParentUniqueName14 = PWMIS-2013.sln
		SccProjectName14 = Test/WinFormTest
		SccLocalPath14 = Test\\WinFormTest
		SccProjectUniqueName15 = Tools\\PDFDotNET\\PDFDotNET-2013.vbproj
		SccProjectTopLevelParentUniqueName15 = PWMIS-2013.sln
		SccProjectName15 = Tools/PDFDotNET
		SccLocalPath15 = Tools\\PDFDotNET
	EndGlobalSection
	GlobalSection(SolutionConfigurationPlatforms) = preSolution
		Debug|Any CPU = Debug|Any CPU
		Release|Any CPU = Release|Any CPU
	EndGlobalSection
	GlobalSection(ProjectConfigurationPlatforms) = postSolution
		{8F0F4237-4D13-40DD-AE8A-C3DE748B26E0}.Debug|Any CPU.ActiveCfg = Debug|Any CPU
		{8F0F4237-4D13-40DD-AE8A-C3DE748B26E0}.Debug|Any CPU.Build.0 = Debug|Any CPU
		{8F0F4237-4D13-40DD-AE8A-C3DE748B26E0}.Release|Any CPU.ActiveCfg = Release|Any CPU
		{8F0F4237-4D13-40DD-AE8A-C3DE748B26E0}.Release|Any CPU.Build.0 = Release|Any CPU
		{0ACE1995-6254-47F1-8758-C79B9CDCF424}.Debug|Any CPU.ActiveCfg = Debug|Any CPU
		{0ACE1995-6254-47F1-8758-C79B9CDCF424}.Debug|Any CPU.Build.0 = Debug|Any CPU
		{0ACE1995-6254-47F1-8758-C79B9CDCF424}.Release|Any CPU.ActiveCfg = Release|Any CPU
		{0ACE1995-6254-47F1-8758-C79B9CDCF424}.Release|Any CPU.Build.0 = Release|Any CPU
		{8F1AE0DE-A9F1-43A7-ACE4-ACF667C2F813}.Debug|Any CPU.ActiveCfg = Debug|Any CPU
		{8F1AE0DE-A9F1-43A7-ACE4-ACF667C2F813}.Debug|Any CPU.Build.0 = Debug|Any CPU
		{8F1AE0DE-A9F1-43A7-ACE4-ACF667C2F813}.Release|Any CPU.ActiveCfg = Release|Any CPU
		{8F1AE0DE-A9F1-43A7-ACE4-ACF667C2F813}.Release|Any CPU.Build.0 = Release|Any CPU
		{F44AFFAC-9042-47E5-B5E5-921A7AAFF603}.Debug|Any CPU.ActiveCfg = Debug|Any CPU
		{F44AFFAC-9042-47E5-B5E5-921A7AAFF603}.Debug|Any CPU.Build.0 = Debug|Any CPU
		{F44AFFAC-9042-47E5-B5E5-921A7AAFF603}.Release|Any CPU.ActiveCfg = Release|Any CPU
		{F44AFFAC-9042-47E5-B5E5-921A7AAFF603}.Release|Any CPU.Build.0 = Release|Any CPU
		{568329DC-3004-4283-945E-375FB6D908B1}.Debug|Any CPU.ActiveCfg = Debug|Any CPU
		{568329DC-3004-4283-945E-375FB6D908B1}.Debug|Any CPU.Build.0 = Debug|Any CPU
		{568329DC-3004-4283-945E-375FB6D908B1}.Release|Any CPU.ActiveCfg = Release|Any CPU
		{568329DC-3004-4283-945E-375FB6D908B1}.Release|Any CPU.Build.0 = Release|Any CPU
		{9338057C-0762-4A72-8B12-9EB907D1538C}.Debug|Any CPU.ActiveCfg = Debug|Any CPU
		{9338057C-0762-4A72-8B12-9EB907D1538C}.Debug|Any CPU.Build.0 = Debug|Any CPU
		{9338057C-0762-4A72-8B12-9EB907D1538C}.Release|Any CPU.ActiveCfg = Release|Any CPU
		{9338057C-0762-4A72-8B12-9EB907D1538C}.Release|Any CPU.Build.0 = Release|Any CPU
		{765FFD9B-D356-4E02-BD56-FF52E4E6DD40}.Debug|Any CPU.ActiveCfg = Debug|Any CPU
		{765FFD9B-D356-4E02-BD56-FF52E4E6DD40}.Debug|Any CPU.Build.0 = Debug|Any CPU
		{765FFD9B-D356-4E02-BD56-FF52E4E6DD40}.Release|Any CPU.ActiveCfg = Release|Any CPU
		{765FFD9B-D356-4E02-BD56-FF52E4E6DD40}.Release|Any CPU.Build.0 = Release|Any CPU
		{28DFD6DA-925D-41A7-ABBB-A2976CA1A1D8}.Debug|Any CPU.ActiveCfg = Debug|Any CPU
		{28DFD6DA-925D-41A7-ABBB-A2976CA1A1D8}.Debug|Any CPU.Build.0 = Debug|Any CPU
		{28DFD6DA-925D-41A7-ABBB-A2976CA1A1D8}.Release|Any CPU.ActiveCfg = Release|Any CPU
		{28DFD6DA-925D-41A7-ABBB-A2976CA1A1D8}.Release|Any CPU.Build.0 = Release|Any CPU
		{EA876B64-CFF0-4985-B59C-1602B3486D3D}.Debug|Any CPU.ActiveCfg = Debug|Any CPU
		{EA876B64-CFF0-4985-B59C-1602B3486D3D}.Debug|Any CPU.Build.0 = Debug|Any CPU
		{EA876B64-CFF0-4985-B59C-1602B3486D3D}.Release|Any CPU.ActiveCfg = Release|Any CPU
		{EA876B64-CFF0-4985-B59C-1602B3486D3D}.Release|Any CPU.Build.0 = Release|Any CPU
		{6F6D230D-A249-4956-8474-518B4E091E88}.Debug|Any CPU.ActiveCfg = Debug|Any CPU
		{6F6D230D-A249-4956-8474-518B4E091E88}.Debug|Any CPU.Build.0 = Debug|Any CPU
		{6F6D230D-A249-4956-8474-518B4E091E88}.Release|Any CPU.ActiveCfg = Release|Any CPU
		{6F6D230D-A249-4956-8474-518B4E091E88}.Release|Any CPU.Build.0 = Release|Any CPU
		{8C197DD4-82E0-4AB3-9091-C61556F4CE64}.Debug|Any CPU.ActiveCfg = Debug|Any CPU
		{8C197DD4-82E0-4AB3-9091-C61556F4CE64}.Debug|Any CPU.Build.0 = Debug|Any CPU
		{8C197DD4-82E0-4AB3-9091-C61556F4CE64}.Release|Any CPU.ActiveCfg = Release|Any CPU
		{8C197DD4-82E0-4AB3-9091-C61556F4CE64}.Release|Any CPU.Build.0 = Release|Any CPU
		{65B743B9-62D5-44C9-AD3A-730E029C799C}.Debug|Any CPU.ActiveCfg = Debug|Any CPU
		{65B743B9-62D5-44C9-AD3A-730E029C799C}.Debug|Any CPU.Build.0 = Debug|Any CPU
		{65B743B9-62D5-44C9-AD3A-730E029C799C}.Release|Any CPU.ActiveCfg = Release|Any CPU
		{65B743B9-62D5-44C9-AD3A-730E029C799C}.Release|Any CPU.Build.0 = Release|Any CPU
		{FF722031-887E-4822-9181-80643CF06A11}.Debug|Any CPU.ActiveCfg = Debug|Any CPU
		{FF722031-887E-4822-9181-80643CF06A11}.Debug|Any CPU.Build.0 = Debug|Any CPU
		{FF722031-887E-4822-9181-80643CF06A11}.Release|Any CPU.ActiveCfg = Release|Any CPU
		{FF722031-887E-4822-9181-80643CF06A11}.Release|Any CPU.Build.0 = Release|Any CPU
		{17C4E2B2-878B-4674-A78C-8D446B376C23}.Debug|Any CPU.ActiveCfg = Debug|Any CPU
		{17C4E2B2-878B-4674-A78C-8D446B376C23}.Debug|Any CPU.Build.0 = Debug|Any CPU
		{17C4E2B2-878B-4674-A78C-8D446B376C23}.Release|Any CPU.ActiveCfg = Release|Any CPU
		{17C4E2B2-878B-4674-A78C-8D446B376C23}.Release|Any CPU.Build.0 = Release|Any CPU
		{C9499804-3A9D-4694-A2A2-BB252CFF85A2}.Debug|Any CPU.ActiveCfg = Debug|Any CPU
		{C9499804-3A9D-4694-A2A2-BB252CFF85A2}.Debug|Any CPU.Build.0 = Debug|Any CPU
		{C9499804-3A9D-4694-A2A2-BB252CFF85A2}.Release|Any CPU.ActiveCfg = Release|Any CPU
		{C9499804-3A9D-4694-A2A2-BB252CFF85A2}.Release|Any CPU.Build.0 = Release|Any CPU
	EndGlobalSection
	GlobalSection(SolutionProperties) = preSolution
		HideSolutionNode = FALSE
	EndGlobalSection
	GlobalSection(NestedProjects) = preSolution
		{8F0F4237-4D13-40DD-AE8A-C3DE748B26E0} = {63B868D2-6CFF-4B03-8A57-F8963055418D}
		{0ACE1995-6254-47F1-8758-C79B9CDCF424} = {63B868D2-6CFF-4B03-8A57-F8963055418D}
		{8F1AE0DE-A9F1-43A7-ACE4-ACF667C2F813} = {63B868D2-6CFF-4B03-8A57-F8963055418D}
		{F44AFFAC-9042-47E5-B5E5-921A7AAFF603} = {63B868D2-6CFF-4B03-8A57-F8963055418D}
		{568329DC-3004-4283-945E-375FB6D908B1} = {63B868D2-6CFF-4B03-8A57-F8963055418D}
		{6F6D230D-A249-4956-8474-518B4E091E88} = {5179F554-5939-450B-B4BB-B177977DEA9B}
		{8C197DD4-82E0-4AB3-9091-C61556F4CE64} = {5179F554-5939-450B-B4BB-B177977DEA9B}
		{65B743B9-62D5-44C9-AD3A-730E029C799C} = {5179F554-5939-450B-B4BB-B177977DEA9B}
		{FF722031-887E-4822-9181-80643CF06A11} = {5179F554-5939-450B-B4BB-B177977DEA9B}
		{C9499804-3A9D-4694-A2A2-BB252CFF85A2} = {5179F554-5939-450B-B4BB-B177977DEA9B}
		{17C4E2B2-878B-4674-A78C-8D446B376C23} = {9854DD26-9CA3-45ED-9A51-C614C0F5EBD8}
		{765FFD9B-D356-4E02-BD56-FF52E4E6DD40} = {2A4234BB-564F-402C-9C23-466843666189}
		{28DFD6DA-925D-41A7-ABBB-A2976CA1A1D8} = {2A4234BB-564F-402C-9C23-466843666189}
		{EA876B64-CFF0-4985-B59C-1602B3486D3D} = {2A4234BB-564F-402C-9C23-466843666189}
		{9338057C-0762-4A72-8B12-9EB907D1538C} = {09629F97-3C50-4B71-8327-BC10CBEF07AD}
	EndGlobalSection
EndGlobal
