
Microsoft Visual Studio Solution File, Format Version 12.00
# Visual Studio 15
VisualStudioVersion = 15.0.28307.136
MinimumVisualStudioVersion = 10.0.40219.1
Project("{2150E333-8FDC-42A3-9474-1A3956D46DE8}") = "Lib", "Lib", "{63B868D2-6CFF-4B03-8A57-F8963055418D}"
EndProject
Project("{2150E333-8FDC-42A3-9474-1A3956D46DE8}") = "Test", "Test", "{5179F554-5939-450B-B4BB-B177977DEA9B}"
EndProject
Project("{2150E333-8FDC-42A3-9474-1A3956D46DE8}") = "Tools", "Tools", "{9854DD26-9CA3-45ED-9A51-C614C0F5EBD8}"
EndProject
Project("{2150E333-8FDC-42A3-9474-1A3956D46DE8}") = "OtherProvider", "OtherProvider", "{2A4234BB-564F-402C-9C23-466843666189}"
EndProject
Project("{2150E333-8FDC-42A3-9474-1A3956D46DE8}") = "Example", "Example", "{09629F97-3C50-4B71-8327-BC10CBEF07AD}"
EndProject
Project("{FAE04EC0-301F-11D3-BF4B-00C04F79EFBC}") = "PWMIS.Core", "Lib\PWMIS.Core\PWMIS.Core.csproj", "{8F0F4237-4D13-40DD-AE8A-C3DE748B26E0}"
EndProject
Project("{FAE04EC0-301F-11D3-BF4B-00C04F79EFBC}") = "PWMIS.Access.Extensions", "Lib\PWMIS.Access.Extensions\PWMIS.Access.Extensions.csproj", "{0ACE1995-6254-47F1-8758-C79B9CDCF424}"
EndProject
Project("{FAE04EC0-301F-11D3-BF4B-00C04F79EFBC}") = "PWMIS.Core.Extensions", "Lib\PWMIS.Core.Extensions\PWMIS.Core.Extensions.csproj", "{8F1AE0DE-A9F1-43A7-ACE4-ACF667C2F813}"
EndProject
Project("{FAE04EC0-301F-11D3-BF4B-00C04F79EFBC}") = "PWMIS.Web", "Lib\PWMIS.Web\PWMIS.Web.csproj", "{F44AFFAC-9042-47E5-B5E5-921A7AAFF603}"
EndProject
Project("{FAE04EC0-301F-11D3-BF4B-00C04F79EFBC}") = "PWMIS.Windows", "Lib\PWMIS.Windows\PWMIS.Windows.csproj", "{568329DC-3004-4283-945E-375FB6D908B1}"
EndProject
Project("{FAE04EC0-301F-11D3-BF4B-00C04F79EFBC}") = "SimpleAccessWinForm", "Example\SimpleAccessWinForm\SimpleAccessWinForm.csproj", "{9338057C-0762-4A72-8B12-9EB907D1538C}"
EndProject
Project("{FAE04EC0-301F-11D3-BF4B-00C04F79EFBC}") = "PWMIS.DataProvider.Data.MySQL", "OtherProvider\PWMIS.DataProvider.Data.MySQL\PWMIS.DataProvider.Data.MySQL.csproj", "{765FFD9B-D356-4E02-BD56-FF52E4E6DD40}"
EndProject
Project("{FAE04EC0-301F-11D3-BF4B-00C04F79EFBC}") = "PWMIS.DataProvider.Data.PostgreSQL", "OtherProvider\PWMIS.DataProvider.Data.PostgreSQL\PWMIS.DataProvider.Data.PostgreSQL.csproj", "{28DFD6DA-925D-41A7-ABBB-A2976CA1A1D8}"
EndProject
Project("{FAE04EC0-301F-11D3-BF4B-00C04F79EFBC}") = "PWMIS.DataProvider.Data.SQLite", "OtherProvider\PWMIS.DataProvider.Data.SQLite\PWMIS.DataProvider.Data.SQLite.csproj", "{EA876B64-CFF0-4985-B59C-1602B3486D3D}"
EndProject
Project("{FAE04EC0-301F-11D3-BF4B-00C04F79EFBC}") = "ConsoleTest", "Test\ConsoleTest\ConsoleTest.csproj", "{6F6D230D-A249-4956-8474-518B4E091E88}"
EndProject
Project("{FAE04EC0-301F-11D3-BF4B-00C04F79EFBC}") = "OQLTest", "Test\OQLTest\OQLTest.csproj", "{8C197DD4-82E0-4AB3-9091-C61556F4CE64}"
EndProject
Project("{FAE04EC0-301F-11D3-BF4B-00C04F79EFBC}") = "WebTest", "Test\WebApplication1\WebTest.csproj", "{65B743B9-62D5-44C9-AD3A-730E029C799C}"
EndProject
Project("{F184B08F-C81C-45F6-A57F-5ABD9991F28F}") = "PDFDotNET", "Tools\PDFDotNET\PDFDotNET.vbproj", "{17C4E2B2-878B-4674-A78C-8D446B376C23}"
	ProjectSection(ProjectDependencies) = postProject
		{36F29014-A12D-45BB-892E-E5710E1CB72F} = {36F29014-A12D-45BB-892E-E5710E1CB72F}
		{9B9B2933-D6CD-41C1-BE5E-B687176FB161} = {9B9B2933-D6CD-41C1-BE5E-B687176FB161}
	EndProjectSection
EndProject
Project("{2150E333-8FDC-42A3-9474-1A3956D46DE8}") = "SuperMarketDemo", "SuperMarketDemo", "{8CFE6672-4BF7-478B-9059-538D0C93F609}"
EndProject
Project("{FAE04EC0-301F-11D3-BF4B-00C04F79EFBC}") = "SuperMarketBLL", "Example\SuperMarketDemo\SuperMarketBLL\SuperMarketBLL.csproj", "{32A14B75-6845-48B0-9FB9-9F0DD4D58369}"
EndProject
Project("{FAE04EC0-301F-11D3-BF4B-00C04F79EFBC}") = "SuperMarketDAL", "Example\SuperMarketDemo\SuperMarketDAL\SuperMarketDAL.csproj", "{B685E0F6-0082-453F-9494-4EEA87E204EB}"
EndProject
Project("{FAE04EC0-301F-11D3-BF4B-00C04F79EFBC}") = "SuperMarketModel", "Example\SuperMarketDemo\SuperMarketModel\SuperMarketModel.csproj", "{3A9CEFCA-C78A-40C4-AD67-3BA26F88FBA4}"
EndProject
Project("{FAE04EC0-301F-11D3-BF4B-00C04F79EFBC}") = "SuperMarketTestConsole", "Example\SuperMarketDemo\SuperMarketTestConsole\SuperMarketTestConsole.csproj", "{783A0458-39C6-44A1-927F-3DC075749CC8}"
EndProject
Project("{FAE04EC0-301F-11D3-BF4B-00C04F79EFBC}") = "SuperMarketWeb", "Example\SuperMarketDemo\SuperMarketWeb\SuperMarketWeb.csproj", "{FE0F02EB-3D0B-43FD-B37E-7D191549C757}"
EndProject
Project("{FAE04EC0-301F-11D3-BF4B-00C04F79EFBC}") = "EntityTest", "Test\EntityTest\EntityTest.csproj", "{3252AAB9-C673-4FEF-BDD0-1EF0C24574E1}"
EndProject
Project("{FAE04EC0-301F-11D3-BF4B-00C04F79EFBC}") = "PWIMIS.Core.AccessTest", "Test\PWIMIS.Core.Test\PWIMIS.Core.AccessTest.csproj", "{C9499804-3A9D-4694-A2A2-BB252CFF85A2}"
EndProject
Project("{FAE04EC0-301F-11D3-BF4B-00C04F79EFBC}") = "SampleORMTest", "Test\SampleORMTest\SampleORMTest.csproj", "{E50CA187-1EF5-448D-9662-071FC0165159}"
EndProject
Project("{FAE04EC0-301F-11D3-BF4B-00C04F79EFBC}") = "PWMIS.DataProvider.Data.Oracle", "OtherProvider\PWMIS.DataProvider.Data.Oracle\PWMIS.DataProvider.Data.Oracle.csproj", "{71DFF3CA-9558-4B6D-893C-7E3F590B7A56}"
EndProject
Project("{2150E333-8FDC-42A3-9474-1A3956D46DE8}") = "OtherExtensions", "OtherExtensions", "{5449B0A4-D483-4A16-9CCE-18B0D435EE2E}"
EndProject
Project("{FAE04EC0-301F-11D3-BF4B-00C04F79EFBC}") = "PWMIS.OData.Client", "OtherExtensions\PWMIS.OData.Client\PWMIS.OData.Client.csproj", "{2C852DF3-6AA0-48CB-9143-DA1F9EB66B7F}"
EndProject
Project("{FAE04EC0-301F-11D3-BF4B-00C04F79EFBC}") = "SODTest", "Test\SODTest\SODTest.csproj", "{94A0F903-7619-4DAF-8615-CAAFA1663386}"
EndProject
Project("{FAE04EC0-301F-11D3-BF4B-00C04F79EFBC}") = "SqlMapDemo", "Example\SqlMapDemo\SqlMapDemo.csproj", "{765BBD88-D374-48C0-879F-CCFBB14E7C5C}"
EndProject
Project("{FAE04EC0-301F-11D3-BF4B-00C04F79EFBC}") = "ClassReunionWeb", "Example\ClassReunionWebForm\ClassReunionWeb.csproj", "{5A88E91C-9762-4244-B7C5-6F4D8597B43D}"
EndProject
Project("{FAE04EC0-301F-11D3-BF4B-00C04F79EFBC}") = "PWMIS.DataProvider.Data.SqlServerCe", "OtherProvider\PWMIS.DataProvider.Data.SqlServerCe\PWMIS.DataProvider.Data.SqlServerCe.csproj", "{A964C53B-1764-42FE-B004-D28FB800396F}"
EndProject
Project("{FAE04EC0-301F-11D3-BF4B-00C04F79EFBC}") = "PWMIS.MemoryStorage", "OtherExtensions\PWMIS.MemoryStorage\PWMIS.MemoryStorage.csproj", "{45939A9E-04FA-44FA-AE35-2AADEB4ED65E}"
EndProject
Project("{FAE04EC0-301F-11D3-BF4B-00C04F79EFBC}") = "DataReplicationExample", "DataReplicationExample\DataReplicationExample.csproj", "{6F8475C6-FCA9-472E-8C66-83F250A4E7C8}"
EndProject
Project("{F184B08F-C81C-45F6-A57F-5ABD9991F28F}") = "PDFCodeMaker", "Tools\PDFCodeMaker\PDFCodeMaker.vbproj", "{36F29014-A12D-45BB-892E-E5710E1CB72F}"
EndProject
Project("{F184B08F-C81C-45F6-A57F-5ABD9991F28F}") = "SqlMapDemo_VB", "Example\SqlMapDemo_VB\SqlMapDemo_VB.vbproj", "{A209A60F-D556-4B3D-8937-9C3508D5C5B7}"
EndProject
Project("{F184B08F-C81C-45F6-A57F-5ABD9991F28F}") = "MdiTabControl", "Tools\MdiTabControl\MdiTabControl.vbproj", "{7F98F809-CE14-43D5-B3DF-40D8F0B7A1AF}"
EndProject
Project("{F184B08F-C81C-45F6-A57F-5ABD9991F28F}") = "SqlMapBuilder", "Tools\SqlMapBuilder\SqlMapBuilder.vbproj", "{9B9B2933-D6CD-41C1-BE5E-B687176FB161}"
EndProject
Global
	GlobalSection(SolutionConfigurationPlatforms) = preSolution
		Debug|Any CPU = Debug|Any CPU
		Debug|Mixed Platforms = Debug|Mixed Platforms
		Debug|x86 = Debug|x86
		Release|Any CPU = Release|Any CPU
		Release|Mixed Platforms = Release|Mixed Platforms
		Release|x86 = Release|x86
	EndGlobalSection
	GlobalSection(ProjectConfigurationPlatforms) = postSolution
		{8F0F4237-4D13-40DD-AE8A-C3DE748B26E0}.Debug|Any CPU.ActiveCfg = Debug|Any CPU
		{8F0F4237-4D13-40DD-AE8A-C3DE748B26E0}.Debug|Any CPU.Build.0 = Debug|Any CPU
		{8F0F4237-4D13-40DD-AE8A-C3DE748B26E0}.Debug|Mixed Platforms.ActiveCfg = Debug|Any CPU
		{8F0F4237-4D13-40DD-AE8A-C3DE748B26E0}.Debug|Mixed Platforms.Build.0 = Debug|Any CPU
		{8F0F4237-4D13-40DD-AE8A-C3DE748B26E0}.Debug|x86.ActiveCfg = Debug|Any CPU
		{8F0F4237-4D13-40DD-AE8A-C3DE748B26E0}.Release|Any CPU.ActiveCfg = Release|Any CPU
		{8F0F4237-4D13-40DD-AE8A-C3DE748B26E0}.Release|Any CPU.Build.0 = Release|Any CPU
		{8F0F4237-4D13-40DD-AE8A-C3DE748B26E0}.Release|Mixed Platforms.ActiveCfg = Release|Any CPU
		{8F0F4237-4D13-40DD-AE8A-C3DE748B26E0}.Release|Mixed Platforms.Build.0 = Release|Any CPU
		{8F0F4237-4D13-40DD-AE8A-C3DE748B26E0}.Release|x86.ActiveCfg = Release|Any CPU
		{0ACE1995-6254-47F1-8758-C79B9CDCF424}.Debug|Any CPU.ActiveCfg = Debug|Any CPU
		{0ACE1995-6254-47F1-8758-C79B9CDCF424}.Debug|Any CPU.Build.0 = Debug|Any CPU
		{0ACE1995-6254-47F1-8758-C79B9CDCF424}.Debug|Mixed Platforms.ActiveCfg = Debug|Any CPU
		{0ACE1995-6254-47F1-8758-C79B9CDCF424}.Debug|Mixed Platforms.Build.0 = Debug|Any CPU
		{0ACE1995-6254-47F1-8758-C79B9CDCF424}.Debug|x86.ActiveCfg = Debug|Any CPU
		{0ACE1995-6254-47F1-8758-C79B9CDCF424}.Release|Any CPU.ActiveCfg = Release|Any CPU
		{0ACE1995-6254-47F1-8758-C79B9CDCF424}.Release|Any CPU.Build.0 = Release|Any CPU
		{0ACE1995-6254-47F1-8758-C79B9CDCF424}.Release|Mixed Platforms.ActiveCfg = Release|Any CPU
		{0ACE1995-6254-47F1-8758-C79B9CDCF424}.Release|Mixed Platforms.Build.0 = Release|Any CPU
		{0ACE1995-6254-47F1-8758-C79B9CDCF424}.Release|x86.ActiveCfg = Release|Any CPU
		{8F1AE0DE-A9F1-43A7-ACE4-ACF667C2F813}.Debug|Any CPU.ActiveCfg = Debug|Any CPU
		{8F1AE0DE-A9F1-43A7-ACE4-ACF667C2F813}.Debug|Any CPU.Build.0 = Debug|Any CPU
		{8F1AE0DE-A9F1-43A7-ACE4-ACF667C2F813}.Debug|Mixed Platforms.ActiveCfg = Debug|Any CPU
		{8F1AE0DE-A9F1-43A7-ACE4-ACF667C2F813}.Debug|Mixed Platforms.Build.0 = Debug|Any CPU
		{8F1AE0DE-A9F1-43A7-ACE4-ACF667C2F813}.Debug|x86.ActiveCfg = Debug|Any CPU
		{8F1AE0DE-A9F1-43A7-ACE4-ACF667C2F813}.Release|Any CPU.ActiveCfg = Release|Any CPU
		{8F1AE0DE-A9F1-43A7-ACE4-ACF667C2F813}.Release|Any CPU.Build.0 = Release|Any CPU
		{8F1AE0DE-A9F1-43A7-ACE4-ACF667C2F813}.Release|Mixed Platforms.ActiveCfg = Release|Any CPU
		{8F1AE0DE-A9F1-43A7-ACE4-ACF667C2F813}.Release|Mixed Platforms.Build.0 = Release|Any CPU
		{8F1AE0DE-A9F1-43A7-ACE4-ACF667C2F813}.Release|x86.ActiveCfg = Release|Any CPU
		{F44AFFAC-9042-47E5-B5E5-921A7AAFF603}.Debug|Any CPU.ActiveCfg = Debug|Any CPU
		{F44AFFAC-9042-47E5-B5E5-921A7AAFF603}.Debug|Any CPU.Build.0 = Debug|Any CPU
		{F44AFFAC-9042-47E5-B5E5-921A7AAFF603}.Debug|Mixed Platforms.ActiveCfg = Debug|Any CPU
		{F44AFFAC-9042-47E5-B5E5-921A7AAFF603}.Debug|Mixed Platforms.Build.0 = Debug|Any CPU
		{F44AFFAC-9042-47E5-B5E5-921A7AAFF603}.Debug|x86.ActiveCfg = Debug|Any CPU
		{F44AFFAC-9042-47E5-B5E5-921A7AAFF603}.Release|Any CPU.ActiveCfg = Release|Any CPU
		{F44AFFAC-9042-47E5-B5E5-921A7AAFF603}.Release|Any CPU.Build.0 = Release|Any CPU
		{F44AFFAC-9042-47E5-B5E5-921A7AAFF603}.Release|Mixed Platforms.ActiveCfg = Release|Any CPU
		{F44AFFAC-9042-47E5-B5E5-921A7AAFF603}.Release|Mixed Platforms.Build.0 = Release|Any CPU
		{F44AFFAC-9042-47E5-B5E5-921A7AAFF603}.Release|x86.ActiveCfg = Release|Any CPU
		{568329DC-3004-4283-945E-375FB6D908B1}.Debug|Any CPU.ActiveCfg = Debug|Any CPU
		{568329DC-3004-4283-945E-375FB6D908B1}.Debug|Any CPU.Build.0 = Debug|Any CPU
		{568329DC-3004-4283-945E-375FB6D908B1}.Debug|Mixed Platforms.ActiveCfg = Debug|Any CPU
		{568329DC-3004-4283-945E-375FB6D908B1}.Debug|Mixed Platforms.Build.0 = Debug|Any CPU
		{568329DC-3004-4283-945E-375FB6D908B1}.Debug|x86.ActiveCfg = Debug|Any CPU
		{568329DC-3004-4283-945E-375FB6D908B1}.Release|Any CPU.ActiveCfg = Release|Any CPU
		{568329DC-3004-4283-945E-375FB6D908B1}.Release|Any CPU.Build.0 = Release|Any CPU
		{568329DC-3004-4283-945E-375FB6D908B1}.Release|Mixed Platforms.ActiveCfg = Release|Any CPU
		{568329DC-3004-4283-945E-375FB6D908B1}.Release|Mixed Platforms.Build.0 = Release|Any CPU
		{568329DC-3004-4283-945E-375FB6D908B1}.Release|x86.ActiveCfg = Release|Any CPU
		{9338057C-0762-4A72-8B12-9EB907D1538C}.Debug|Any CPU.ActiveCfg = Debug|Any CPU
		{9338057C-0762-4A72-8B12-9EB907D1538C}.Debug|Any CPU.Build.0 = Debug|Any CPU
		{9338057C-0762-4A72-8B12-9EB907D1538C}.Debug|Mixed Platforms.ActiveCfg = Debug|Any CPU
		{9338057C-0762-4A72-8B12-9EB907D1538C}.Debug|Mixed Platforms.Build.0 = Debug|Any CPU
		{9338057C-0762-4A72-8B12-9EB907D1538C}.Debug|x86.ActiveCfg = Debug|Any CPU
		{9338057C-0762-4A72-8B12-9EB907D1538C}.Release|Any CPU.ActiveCfg = Release|Any CPU
		{9338057C-0762-4A72-8B12-9EB907D1538C}.Release|Any CPU.Build.0 = Release|Any CPU
		{9338057C-0762-4A72-8B12-9EB907D1538C}.Release|Mixed Platforms.ActiveCfg = Release|Any CPU
		{9338057C-0762-4A72-8B12-9EB907D1538C}.Release|Mixed Platforms.Build.0 = Release|Any CPU
		{9338057C-0762-4A72-8B12-9EB907D1538C}.Release|x86.ActiveCfg = Release|Any CPU
		{765FFD9B-D356-4E02-BD56-FF52E4E6DD40}.Debug|Any CPU.ActiveCfg = Debug|Any CPU
		{765FFD9B-D356-4E02-BD56-FF52E4E6DD40}.Debug|Any CPU.Build.0 = Debug|Any CPU
		{765FFD9B-D356-4E02-BD56-FF52E4E6DD40}.Debug|Mixed Platforms.ActiveCfg = Debug|Any CPU
		{765FFD9B-D356-4E02-BD56-FF52E4E6DD40}.Debug|Mixed Platforms.Build.0 = Debug|Any CPU
		{765FFD9B-D356-4E02-BD56-FF52E4E6DD40}.Debug|x86.ActiveCfg = Debug|Any CPU
		{765FFD9B-D356-4E02-BD56-FF52E4E6DD40}.Release|Any CPU.ActiveCfg = Release|Any CPU
		{765FFD9B-D356-4E02-BD56-FF52E4E6DD40}.Release|Any CPU.Build.0 = Release|Any CPU
		{765FFD9B-D356-4E02-BD56-FF52E4E6DD40}.Release|Mixed Platforms.ActiveCfg = Release|Any CPU
		{765FFD9B-D356-4E02-BD56-FF52E4E6DD40}.Release|Mixed Platforms.Build.0 = Release|Any CPU
		{765FFD9B-D356-4E02-BD56-FF52E4E6DD40}.Release|x86.ActiveCfg = Release|Any CPU
		{28DFD6DA-925D-41A7-ABBB-A2976CA1A1D8}.Debug|Any CPU.ActiveCfg = Debug|Any CPU
		{28DFD6DA-925D-41A7-ABBB-A2976CA1A1D8}.Debug|Any CPU.Build.0 = Debug|Any CPU
		{28DFD6DA-925D-41A7-ABBB-A2976CA1A1D8}.Debug|Mixed Platforms.ActiveCfg = Debug|Any CPU
		{28DFD6DA-925D-41A7-ABBB-A2976CA1A1D8}.Debug|Mixed Platforms.Build.0 = Debug|Any CPU
		{28DFD6DA-925D-41A7-ABBB-A2976CA1A1D8}.Debug|x86.ActiveCfg = Debug|Any CPU
		{28DFD6DA-925D-41A7-ABBB-A2976CA1A1D8}.Release|Any CPU.ActiveCfg = Release|Any CPU
		{28DFD6DA-925D-41A7-ABBB-A2976CA1A1D8}.Release|Any CPU.Build.0 = Release|Any CPU
		{28DFD6DA-925D-41A7-ABBB-A2976CA1A1D8}.Release|Mixed Platforms.ActiveCfg = Release|Any CPU
		{28DFD6DA-925D-41A7-ABBB-A2976CA1A1D8}.Release|Mixed Platforms.Build.0 = Release|Any CPU
		{28DFD6DA-925D-41A7-ABBB-A2976CA1A1D8}.Release|x86.ActiveCfg = Release|Any CPU
		{EA876B64-CFF0-4985-B59C-1602B3486D3D}.Debug|Any CPU.ActiveCfg = Debug|Any CPU
		{EA876B64-CFF0-4985-B59C-1602B3486D3D}.Debug|Any CPU.Build.0 = Debug|Any CPU
		{EA876B64-CFF0-4985-B59C-1602B3486D3D}.Debug|Mixed Platforms.ActiveCfg = Debug|Any CPU
		{EA876B64-CFF0-4985-B59C-1602B3486D3D}.Debug|Mixed Platforms.Build.0 = Debug|Any CPU
		{EA876B64-CFF0-4985-B59C-1602B3486D3D}.Debug|x86.ActiveCfg = Debug|Any CPU
		{EA876B64-CFF0-4985-B59C-1602B3486D3D}.Release|Any CPU.ActiveCfg = Release|Any CPU
		{EA876B64-CFF0-4985-B59C-1602B3486D3D}.Release|Any CPU.Build.0 = Release|Any CPU
		{EA876B64-CFF0-4985-B59C-1602B3486D3D}.Release|Mixed Platforms.ActiveCfg = Release|Any CPU
		{EA876B64-CFF0-4985-B59C-1602B3486D3D}.Release|Mixed Platforms.Build.0 = Release|Any CPU
		{EA876B64-CFF0-4985-B59C-1602B3486D3D}.Release|x86.ActiveCfg = Release|Any CPU
		{6F6D230D-A249-4956-8474-518B4E091E88}.Debug|Any CPU.ActiveCfg = Debug|Any CPU
		{6F6D230D-A249-4956-8474-518B4E091E88}.Debug|Any CPU.Build.0 = Debug|Any CPU
		{6F6D230D-A249-4956-8474-518B4E091E88}.Debug|Mixed Platforms.ActiveCfg = Debug|Any CPU
		{6F6D230D-A249-4956-8474-518B4E091E88}.Debug|Mixed Platforms.Build.0 = Debug|Any CPU
		{6F6D230D-A249-4956-8474-518B4E091E88}.Debug|x86.ActiveCfg = Debug|Any CPU
		{6F6D230D-A249-4956-8474-518B4E091E88}.Release|Any CPU.ActiveCfg = Release|Any CPU
		{6F6D230D-A249-4956-8474-518B4E091E88}.Release|Any CPU.Build.0 = Release|Any CPU
		{6F6D230D-A249-4956-8474-518B4E091E88}.Release|Mixed Platforms.ActiveCfg = Release|Any CPU
		{6F6D230D-A249-4956-8474-518B4E091E88}.Release|Mixed Platforms.Build.0 = Release|Any CPU
		{6F6D230D-A249-4956-8474-518B4E091E88}.Release|x86.ActiveCfg = Release|Any CPU
		{8C197DD4-82E0-4AB3-9091-C61556F4CE64}.Debug|Any CPU.ActiveCfg = Debug|Any CPU
		{8C197DD4-82E0-4AB3-9091-C61556F4CE64}.Debug|Any CPU.Build.0 = Debug|Any CPU
		{8C197DD4-82E0-4AB3-9091-C61556F4CE64}.Debug|Mixed Platforms.ActiveCfg = Debug|Any CPU
		{8C197DD4-82E0-4AB3-9091-C61556F4CE64}.Debug|Mixed Platforms.Build.0 = Debug|Any CPU
		{8C197DD4-82E0-4AB3-9091-C61556F4CE64}.Debug|x86.ActiveCfg = Debug|Any CPU
		{8C197DD4-82E0-4AB3-9091-C61556F4CE64}.Release|Any CPU.ActiveCfg = Release|Any CPU
		{8C197DD4-82E0-4AB3-9091-C61556F4CE64}.Release|Any CPU.Build.0 = Release|Any CPU
		{8C197DD4-82E0-4AB3-9091-C61556F4CE64}.Release|Mixed Platforms.ActiveCfg = Release|Any CPU
		{8C197DD4-82E0-4AB3-9091-C61556F4CE64}.Release|Mixed Platforms.Build.0 = Release|Any CPU
		{8C197DD4-82E0-4AB3-9091-C61556F4CE64}.Release|x86.ActiveCfg = Release|Any CPU
		{65B743B9-62D5-44C9-AD3A-730E029C799C}.Debug|Any CPU.ActiveCfg = Debug|Any CPU
		{65B743B9-62D5-44C9-AD3A-730E029C799C}.Debug|Any CPU.Build.0 = Debug|Any CPU
		{65B743B9-62D5-44C9-AD3A-730E029C799C}.Debug|Mixed Platforms.ActiveCfg = Debug|Any CPU
		{65B743B9-62D5-44C9-AD3A-730E029C799C}.Debug|Mixed Platforms.Build.0 = Debug|Any CPU
		{65B743B9-62D5-44C9-AD3A-730E029C799C}.Debug|x86.ActiveCfg = Debug|Any CPU
		{65B743B9-62D5-44C9-AD3A-730E029C799C}.Release|Any CPU.ActiveCfg = Release|Any CPU
		{65B743B9-62D5-44C9-AD3A-730E029C799C}.Release|Any CPU.Build.0 = Release|Any CPU
		{65B743B9-62D5-44C9-AD3A-730E029C799C}.Release|Mixed Platforms.ActiveCfg = Release|Any CPU
		{65B743B9-62D5-44C9-AD3A-730E029C799C}.Release|Mixed Platforms.Build.0 = Release|Any CPU
		{65B743B9-62D5-44C9-AD3A-730E029C799C}.Release|x86.ActiveCfg = Release|Any CPU
		{17C4E2B2-878B-4674-A78C-8D446B376C23}.Debug|Any CPU.ActiveCfg = Debug|x64
		{17C4E2B2-878B-4674-A78C-8D446B376C23}.Debug|Any CPU.Build.0 = Debug|x64
		{17C4E2B2-878B-4674-A78C-8D446B376C23}.Debug|Mixed Platforms.ActiveCfg = Debug|x86
		{17C4E2B2-878B-4674-A78C-8D446B376C23}.Debug|Mixed Platforms.Build.0 = Debug|x86
		{17C4E2B2-878B-4674-A78C-8D446B376C23}.Debug|x86.ActiveCfg = Debug|x86
		{17C4E2B2-878B-4674-A78C-8D446B376C23}.Debug|x86.Build.0 = Debug|x86
		{17C4E2B2-878B-4674-A78C-8D446B376C23}.Release|Any CPU.ActiveCfg = Release|Any CPU
		{17C4E2B2-878B-4674-A78C-8D446B376C23}.Release|Any CPU.Build.0 = Release|Any CPU
		{17C4E2B2-878B-4674-A78C-8D446B376C23}.Release|Mixed Platforms.ActiveCfg = Release|x86
		{17C4E2B2-878B-4674-A78C-8D446B376C23}.Release|Mixed Platforms.Build.0 = Release|x86
		{17C4E2B2-878B-4674-A78C-8D446B376C23}.Release|x86.ActiveCfg = Release|Any CPU
		{32A14B75-6845-48B0-9FB9-9F0DD4D58369}.Debug|Any CPU.ActiveCfg = Debug|Any CPU
		{32A14B75-6845-48B0-9FB9-9F0DD4D58369}.Debug|Any CPU.Build.0 = Debug|Any CPU
		{32A14B75-6845-48B0-9FB9-9F0DD4D58369}.Debug|Mixed Platforms.ActiveCfg = Debug|Any CPU
		{32A14B75-6845-48B0-9FB9-9F0DD4D58369}.Debug|Mixed Platforms.Build.0 = Debug|Any CPU
		{32A14B75-6845-48B0-9FB9-9F0DD4D58369}.Debug|x86.ActiveCfg = Debug|Any CPU
		{32A14B75-6845-48B0-9FB9-9F0DD4D58369}.Release|Any CPU.ActiveCfg = Release|Any CPU
		{32A14B75-6845-48B0-9FB9-9F0DD4D58369}.Release|Any CPU.Build.0 = Release|Any CPU
		{32A14B75-6845-48B0-9FB9-9F0DD4D58369}.Release|Mixed Platforms.ActiveCfg = Release|Any CPU
		{32A14B75-6845-48B0-9FB9-9F0DD4D58369}.Release|Mixed Platforms.Build.0 = Release|Any CPU
		{32A14B75-6845-48B0-9FB9-9F0DD4D58369}.Release|x86.ActiveCfg = Release|Any CPU
		{B685E0F6-0082-453F-9494-4EEA87E204EB}.Debug|Any CPU.ActiveCfg = Debug|Any CPU
		{B685E0F6-0082-453F-9494-4EEA87E204EB}.Debug|Any CPU.Build.0 = Debug|Any CPU
		{B685E0F6-0082-453F-9494-4EEA87E204EB}.Debug|Mixed Platforms.ActiveCfg = Debug|Any CPU
		{B685E0F6-0082-453F-9494-4EEA87E204EB}.Debug|Mixed Platforms.Build.0 = Debug|Any CPU
		{B685E0F6-0082-453F-9494-4EEA87E204EB}.Debug|x86.ActiveCfg = Debug|Any CPU
		{B685E0F6-0082-453F-9494-4EEA87E204EB}.Release|Any CPU.ActiveCfg = Release|Any CPU
		{B685E0F6-0082-453F-9494-4EEA87E204EB}.Release|Any CPU.Build.0 = Release|Any CPU
		{B685E0F6-0082-453F-9494-4EEA87E204EB}.Release|Mixed Platforms.ActiveCfg = Release|Any CPU
		{B685E0F6-0082-453F-9494-4EEA87E204EB}.Release|Mixed Platforms.Build.0 = Release|Any CPU
		{B685E0F6-0082-453F-9494-4EEA87E204EB}.Release|x86.ActiveCfg = Release|Any CPU
		{3A9CEFCA-C78A-40C4-AD67-3BA26F88FBA4}.Debug|Any CPU.ActiveCfg = Debug|Any CPU
		{3A9CEFCA-C78A-40C4-AD67-3BA26F88FBA4}.Debug|Any CPU.Build.0 = Debug|Any CPU
		{3A9CEFCA-C78A-40C4-AD67-3BA26F88FBA4}.Debug|Mixed Platforms.ActiveCfg = Debug|Any CPU
		{3A9CEFCA-C78A-40C4-AD67-3BA26F88FBA4}.Debug|Mixed Platforms.Build.0 = Debug|Any CPU
		{3A9CEFCA-C78A-40C4-AD67-3BA26F88FBA4}.Debug|x86.ActiveCfg = Debug|Any CPU
		{3A9CEFCA-C78A-40C4-AD67-3BA26F88FBA4}.Release|Any CPU.ActiveCfg = Release|Any CPU
		{3A9CEFCA-C78A-40C4-AD67-3BA26F88FBA4}.Release|Any CPU.Build.0 = Release|Any CPU
		{3A9CEFCA-C78A-40C4-AD67-3BA26F88FBA4}.Release|Mixed Platforms.ActiveCfg = Release|Any CPU
		{3A9CEFCA-C78A-40C4-AD67-3BA26F88FBA4}.Release|Mixed Platforms.Build.0 = Release|Any CPU
		{3A9CEFCA-C78A-40C4-AD67-3BA26F88FBA4}.Release|x86.ActiveCfg = Release|Any CPU
		{783A0458-39C6-44A1-927F-3DC075749CC8}.Debug|Any CPU.ActiveCfg = Debug|Any CPU
		{783A0458-39C6-44A1-927F-3DC075749CC8}.Debug|Any CPU.Build.0 = Debug|Any CPU
		{783A0458-39C6-44A1-927F-3DC075749CC8}.Debug|Mixed Platforms.ActiveCfg = Debug|Any CPU
		{783A0458-39C6-44A1-927F-3DC075749CC8}.Debug|Mixed Platforms.Build.0 = Debug|Any CPU
		{783A0458-39C6-44A1-927F-3DC075749CC8}.Debug|x86.ActiveCfg = Debug|Any CPU
		{783A0458-39C6-44A1-927F-3DC075749CC8}.Release|Any CPU.ActiveCfg = Release|Any CPU
		{783A0458-39C6-44A1-927F-3DC075749CC8}.Release|Any CPU.Build.0 = Release|Any CPU
		{783A0458-39C6-44A1-927F-3DC075749CC8}.Release|Mixed Platforms.ActiveCfg = Release|Any CPU
		{783A0458-39C6-44A1-927F-3DC075749CC8}.Release|Mixed Platforms.Build.0 = Release|Any CPU
		{783A0458-39C6-44A1-927F-3DC075749CC8}.Release|x86.ActiveCfg = Release|Any CPU
		{FE0F02EB-3D0B-43FD-B37E-7D191549C757}.Debug|Any CPU.ActiveCfg = Debug|Any CPU
		{FE0F02EB-3D0B-43FD-B37E-7D191549C757}.Debug|Any CPU.Build.0 = Debug|Any CPU
		{FE0F02EB-3D0B-43FD-B37E-7D191549C757}.Debug|Mixed Platforms.ActiveCfg = Debug|Any CPU
		{FE0F02EB-3D0B-43FD-B37E-7D191549C757}.Debug|Mixed Platforms.Build.0 = Debug|Any CPU
		{FE0F02EB-3D0B-43FD-B37E-7D191549C757}.Debug|x86.ActiveCfg = Debug|Any CPU
		{FE0F02EB-3D0B-43FD-B37E-7D191549C757}.Release|Any CPU.ActiveCfg = Release|Any CPU
		{FE0F02EB-3D0B-43FD-B37E-7D191549C757}.Release|Any CPU.Build.0 = Release|Any CPU
		{FE0F02EB-3D0B-43FD-B37E-7D191549C757}.Release|Mixed Platforms.ActiveCfg = Release|Any CPU
		{FE0F02EB-3D0B-43FD-B37E-7D191549C757}.Release|Mixed Platforms.Build.0 = Release|Any CPU
		{FE0F02EB-3D0B-43FD-B37E-7D191549C757}.Release|x86.ActiveCfg = Release|Any CPU
		{3252AAB9-C673-4FEF-BDD0-1EF0C24574E1}.Debug|Any CPU.ActiveCfg = Debug|Any CPU
		{3252AAB9-C673-4FEF-BDD0-1EF0C24574E1}.Debug|Any CPU.Build.0 = Debug|Any CPU
		{3252AAB9-C673-4FEF-BDD0-1EF0C24574E1}.Debug|Mixed Platforms.ActiveCfg = Debug|Any CPU
		{3252AAB9-C673-4FEF-BDD0-1EF0C24574E1}.Debug|Mixed Platforms.Build.0 = Debug|Any CPU
		{3252AAB9-C673-4FEF-BDD0-1EF0C24574E1}.Debug|x86.ActiveCfg = Debug|Any CPU
		{3252AAB9-C673-4FEF-BDD0-1EF0C24574E1}.Release|Any CPU.ActiveCfg = Release|Any CPU
		{3252AAB9-C673-4FEF-BDD0-1EF0C24574E1}.Release|Any CPU.Build.0 = Release|Any CPU
		{3252AAB9-C673-4FEF-BDD0-1EF0C24574E1}.Release|Mixed Platforms.ActiveCfg = Release|Any CPU
		{3252AAB9-C673-4FEF-BDD0-1EF0C24574E1}.Release|Mixed Platforms.Build.0 = Release|Any CPU
		{3252AAB9-C673-4FEF-BDD0-1EF0C24574E1}.Release|x86.ActiveCfg = Release|Any CPU
		{C9499804-3A9D-4694-A2A2-BB252CFF85A2}.Debug|Any CPU.ActiveCfg = Debug|Any CPU
		{C9499804-3A9D-4694-A2A2-BB252CFF85A2}.Debug|Any CPU.Build.0 = Debug|Any CPU
		{C9499804-3A9D-4694-A2A2-BB252CFF85A2}.Debug|Mixed Platforms.ActiveCfg = Debug|Any CPU
		{C9499804-3A9D-4694-A2A2-BB252CFF85A2}.Debug|Mixed Platforms.Build.0 = Debug|Any CPU
		{C9499804-3A9D-4694-A2A2-BB252CFF85A2}.Debug|x86.ActiveCfg = Debug|Any CPU
		{C9499804-3A9D-4694-A2A2-BB252CFF85A2}.Release|Any CPU.ActiveCfg = Release|Any CPU
		{C9499804-3A9D-4694-A2A2-BB252CFF85A2}.Release|Any CPU.Build.0 = Release|Any CPU
		{C9499804-3A9D-4694-A2A2-BB252CFF85A2}.Release|Mixed Platforms.ActiveCfg = Release|Any CPU
		{C9499804-3A9D-4694-A2A2-BB252CFF85A2}.Release|Mixed Platforms.Build.0 = Release|Any CPU
		{C9499804-3A9D-4694-A2A2-BB252CFF85A2}.Release|x86.ActiveCfg = Release|Any CPU
		{E50CA187-1EF5-448D-9662-071FC0165159}.Debug|Any CPU.ActiveCfg = Debug|Any CPU
		{E50CA187-1EF5-448D-9662-071FC0165159}.Debug|Any CPU.Build.0 = Debug|Any CPU
		{E50CA187-1EF5-448D-9662-071FC0165159}.Debug|Mixed Platforms.ActiveCfg = Debug|Any CPU
		{E50CA187-1EF5-448D-9662-071FC0165159}.Debug|Mixed Platforms.Build.0 = Debug|Any CPU
		{E50CA187-1EF5-448D-9662-071FC0165159}.Debug|x86.ActiveCfg = Debug|Any CPU
		{E50CA187-1EF5-448D-9662-071FC0165159}.Release|Any CPU.ActiveCfg = Release|Any CPU
		{E50CA187-1EF5-448D-9662-071FC0165159}.Release|Any CPU.Build.0 = Release|Any CPU
		{E50CA187-1EF5-448D-9662-071FC0165159}.Release|Mixed Platforms.ActiveCfg = Release|Any CPU
		{E50CA187-1EF5-448D-9662-071FC0165159}.Release|Mixed Platforms.Build.0 = Release|Any CPU
		{E50CA187-1EF5-448D-9662-071FC0165159}.Release|x86.ActiveCfg = Release|Any CPU
		{71DFF3CA-9558-4B6D-893C-7E3F590B7A56}.Debug|Any CPU.ActiveCfg = Debug|Any CPU
		{71DFF3CA-9558-4B6D-893C-7E3F590B7A56}.Debug|Any CPU.Build.0 = Debug|Any CPU
		{71DFF3CA-9558-4B6D-893C-7E3F590B7A56}.Debug|Mixed Platforms.ActiveCfg = Debug|Any CPU
		{71DFF3CA-9558-4B6D-893C-7E3F590B7A56}.Debug|Mixed Platforms.Build.0 = Debug|Any CPU
		{71DFF3CA-9558-4B6D-893C-7E3F590B7A56}.Debug|x86.ActiveCfg = Debug|Any CPU
		{71DFF3CA-9558-4B6D-893C-7E3F590B7A56}.Release|Any CPU.ActiveCfg = Release|Any CPU
		{71DFF3CA-9558-4B6D-893C-7E3F590B7A56}.Release|Any CPU.Build.0 = Release|Any CPU
		{71DFF3CA-9558-4B6D-893C-7E3F590B7A56}.Release|Mixed Platforms.ActiveCfg = Release|Any CPU
		{71DFF3CA-9558-4B6D-893C-7E3F590B7A56}.Release|Mixed Platforms.Build.0 = Release|Any CPU
		{71DFF3CA-9558-4B6D-893C-7E3F590B7A56}.Release|x86.ActiveCfg = Release|Any CPU
		{2C852DF3-6AA0-48CB-9143-DA1F9EB66B7F}.Debug|Any CPU.ActiveCfg = Debug|Any CPU
		{2C852DF3-6AA0-48CB-9143-DA1F9EB66B7F}.Debug|Any CPU.Build.0 = Debug|Any CPU
		{2C852DF3-6AA0-48CB-9143-DA1F9EB66B7F}.Debug|Mixed Platforms.ActiveCfg = Debug|Any CPU
		{2C852DF3-6AA0-48CB-9143-DA1F9EB66B7F}.Debug|Mixed Platforms.Build.0 = Debug|Any CPU
		{2C852DF3-6AA0-48CB-9143-DA1F9EB66B7F}.Debug|x86.ActiveCfg = Debug|Any CPU
		{2C852DF3-6AA0-48CB-9143-DA1F9EB66B7F}.Release|Any CPU.ActiveCfg = Release|Any CPU
		{2C852DF3-6AA0-48CB-9143-DA1F9EB66B7F}.Release|Any CPU.Build.0 = Release|Any CPU
		{2C852DF3-6AA0-48CB-9143-DA1F9EB66B7F}.Release|Mixed Platforms.ActiveCfg = Release|Any CPU
		{2C852DF3-6AA0-48CB-9143-DA1F9EB66B7F}.Release|Mixed Platforms.Build.0 = Release|Any CPU
		{2C852DF3-6AA0-48CB-9143-DA1F9EB66B7F}.Release|x86.ActiveCfg = Release|Any CPU
		{94A0F903-7619-4DAF-8615-CAAFA1663386}.Debug|Any CPU.ActiveCfg = Debug|x86
		{94A0F903-7619-4DAF-8615-CAAFA1663386}.Debug|Mixed Platforms.ActiveCfg = Debug|x86
		{94A0F903-7619-4DAF-8615-CAAFA1663386}.Debug|Mixed Platforms.Build.0 = Debug|x86
		{94A0F903-7619-4DAF-8615-CAAFA1663386}.Debug|x86.ActiveCfg = Debug|x86
		{94A0F903-7619-4DAF-8615-CAAFA1663386}.Debug|x86.Build.0 = Debug|x86
		{94A0F903-7619-4DAF-8615-CAAFA1663386}.Release|Any CPU.ActiveCfg = Release|x86
		{94A0F903-7619-4DAF-8615-CAAFA1663386}.Release|Mixed Platforms.ActiveCfg = Release|x86
		{94A0F903-7619-4DAF-8615-CAAFA1663386}.Release|Mixed Platforms.Build.0 = Release|x86
		{94A0F903-7619-4DAF-8615-CAAFA1663386}.Release|x86.ActiveCfg = Release|x86
		{94A0F903-7619-4DAF-8615-CAAFA1663386}.Release|x86.Build.0 = Release|x86
		{765BBD88-D374-48C0-879F-CCFBB14E7C5C}.Debug|Any CPU.ActiveCfg = Debug|Any CPU
		{765BBD88-D374-48C0-879F-CCFBB14E7C5C}.Debug|Any CPU.Build.0 = Debug|Any CPU
		{765BBD88-D374-48C0-879F-CCFBB14E7C5C}.Debug|Mixed Platforms.ActiveCfg = Debug|Any CPU
		{765BBD88-D374-48C0-879F-CCFBB14E7C5C}.Debug|Mixed Platforms.Build.0 = Debug|Any CPU
		{765BBD88-D374-48C0-879F-CCFBB14E7C5C}.Debug|x86.ActiveCfg = Debug|Any CPU
		{765BBD88-D374-48C0-879F-CCFBB14E7C5C}.Release|Any CPU.ActiveCfg = Release|Any CPU
		{765BBD88-D374-48C0-879F-CCFBB14E7C5C}.Release|Any CPU.Build.0 = Release|Any CPU
		{765BBD88-D374-48C0-879F-CCFBB14E7C5C}.Release|Mixed Platforms.ActiveCfg = Release|Any CPU
		{765BBD88-D374-48C0-879F-CCFBB14E7C5C}.Release|Mixed Platforms.Build.0 = Release|Any CPU
		{765BBD88-D374-48C0-879F-CCFBB14E7C5C}.Release|x86.ActiveCfg = Release|Any CPU
		{5A88E91C-9762-4244-B7C5-6F4D8597B43D}.Debug|Any CPU.ActiveCfg = Debug|Any CPU
		{5A88E91C-9762-4244-B7C5-6F4D8597B43D}.Debug|Any CPU.Build.0 = Debug|Any CPU
		{5A88E91C-9762-4244-B7C5-6F4D8597B43D}.Debug|Mixed Platforms.ActiveCfg = Debug|Any CPU
		{5A88E91C-9762-4244-B7C5-6F4D8597B43D}.Debug|Mixed Platforms.Build.0 = Debug|Any CPU
		{5A88E91C-9762-4244-B7C5-6F4D8597B43D}.Debug|x86.ActiveCfg = Debug|Any CPU
		{5A88E91C-9762-4244-B7C5-6F4D8597B43D}.Release|Any CPU.ActiveCfg = Release|Any CPU
		{5A88E91C-9762-4244-B7C5-6F4D8597B43D}.Release|Any CPU.Build.0 = Release|Any CPU
		{5A88E91C-9762-4244-B7C5-6F4D8597B43D}.Release|Mixed Platforms.ActiveCfg = Release|Any CPU
		{5A88E91C-9762-4244-B7C5-6F4D8597B43D}.Release|Mixed Platforms.Build.0 = Release|Any CPU
		{5A88E91C-9762-4244-B7C5-6F4D8597B43D}.Release|x86.ActiveCfg = Release|Any CPU
		{A964C53B-1764-42FE-B004-D28FB800396F}.Debug|Any CPU.ActiveCfg = Debug|Any CPU
		{A964C53B-1764-42FE-B004-D28FB800396F}.Debug|Any CPU.Build.0 = Debug|Any CPU
		{A964C53B-1764-42FE-B004-D28FB800396F}.Debug|Mixed Platforms.ActiveCfg = Debug|Any CPU
		{A964C53B-1764-42FE-B004-D28FB800396F}.Debug|Mixed Platforms.Build.0 = Debug|Any CPU
		{A964C53B-1764-42FE-B004-D28FB800396F}.Debug|x86.ActiveCfg = Debug|Any CPU
		{A964C53B-1764-42FE-B004-D28FB800396F}.Debug|x86.Build.0 = Debug|Any CPU
		{A964C53B-1764-42FE-B004-D28FB800396F}.Release|Any CPU.ActiveCfg = Release|Any CPU
		{A964C53B-1764-42FE-B004-D28FB800396F}.Release|Any CPU.Build.0 = Release|Any CPU
		{A964C53B-1764-42FE-B004-D28FB800396F}.Release|Mixed Platforms.ActiveCfg = Release|Any CPU
		{A964C53B-1764-42FE-B004-D28FB800396F}.Release|Mixed Platforms.Build.0 = Release|Any CPU
		{A964C53B-1764-42FE-B004-D28FB800396F}.Release|x86.ActiveCfg = Release|Any CPU
		{A964C53B-1764-42FE-B004-D28FB800396F}.Release|x86.Build.0 = Release|Any CPU
		{45939A9E-04FA-44FA-AE35-2AADEB4ED65E}.Debug|Any CPU.ActiveCfg = Debug|Any CPU
		{45939A9E-04FA-44FA-AE35-2AADEB4ED65E}.Debug|Any CPU.Build.0 = Debug|Any CPU
		{45939A9E-04FA-44FA-AE35-2AADEB4ED65E}.Debug|Mixed Platforms.ActiveCfg = Debug|Any CPU
		{45939A9E-04FA-44FA-AE35-2AADEB4ED65E}.Debug|Mixed Platforms.Build.0 = Debug|Any CPU
		{45939A9E-04FA-44FA-AE35-2AADEB4ED65E}.Debug|x86.ActiveCfg = Debug|Any CPU
		{45939A9E-04FA-44FA-AE35-2AADEB4ED65E}.Release|Any CPU.ActiveCfg = Release|Any CPU
		{45939A9E-04FA-44FA-AE35-2AADEB4ED65E}.Release|Any CPU.Build.0 = Release|Any CPU
		{45939A9E-04FA-44FA-AE35-2AADEB4ED65E}.Release|Mixed Platforms.ActiveCfg = Release|Any CPU
		{45939A9E-04FA-44FA-AE35-2AADEB4ED65E}.Release|Mixed Platforms.Build.0 = Release|Any CPU
		{45939A9E-04FA-44FA-AE35-2AADEB4ED65E}.Release|x86.ActiveCfg = Release|Any CPU
		{6F8475C6-FCA9-472E-8C66-83F250A4E7C8}.Debug|Any CPU.ActiveCfg = Debug|Any CPU
		{6F8475C6-FCA9-472E-8C66-83F250A4E7C8}.Debug|Any CPU.Build.0 = Debug|Any CPU
		{6F8475C6-FCA9-472E-8C66-83F250A4E7C8}.Debug|Mixed Platforms.ActiveCfg = Debug|Any CPU
		{6F8475C6-FCA9-472E-8C66-83F250A4E7C8}.Debug|Mixed Platforms.Build.0 = Debug|Any CPU
		{6F8475C6-FCA9-472E-8C66-83F250A4E7C8}.Debug|x86.ActiveCfg = Debug|Any CPU
		{6F8475C6-FCA9-472E-8C66-83F250A4E7C8}.Debug|x86.Build.0 = Debug|Any CPU
		{6F8475C6-FCA9-472E-8C66-83F250A4E7C8}.Release|Any CPU.ActiveCfg = Release|Any CPU
		{6F8475C6-FCA9-472E-8C66-83F250A4E7C8}.Release|Any CPU.Build.0 = Release|Any CPU
		{6F8475C6-FCA9-472E-8C66-83F250A4E7C8}.Release|Mixed Platforms.ActiveCfg = Release|Any CPU
		{6F8475C6-FCA9-472E-8C66-83F250A4E7C8}.Release|Mixed Platforms.Build.0 = Release|Any CPU
		{6F8475C6-FCA9-472E-8C66-83F250A4E7C8}.Release|x86.ActiveCfg = Release|Any CPU
		{6F8475C6-FCA9-472E-8C66-83F250A4E7C8}.Release|x86.Build.0 = Release|Any CPU
		{36F29014-A12D-45BB-892E-E5710E1CB72F}.Debug|Any CPU.ActiveCfg = Debug|Any CPU
		{36F29014-A12D-45BB-892E-E5710E1CB72F}.Debug|Any CPU.Build.0 = Debug|Any CPU
		{36F29014-A12D-45BB-892E-E5710E1CB72F}.Debug|Mixed Platforms.ActiveCfg = Debug|Any CPU
		{36F29014-A12D-45BB-892E-E5710E1CB72F}.Debug|Mixed Platforms.Build.0 = Debug|Any CPU
		{36F29014-A12D-45BB-892E-E5710E1CB72F}.Debug|x86.ActiveCfg = Debug|Any CPU
		{36F29014-A12D-45BB-892E-E5710E1CB72F}.Release|Any CPU.ActiveCfg = Release|Any CPU
		{36F29014-A12D-45BB-892E-E5710E1CB72F}.Release|Any CPU.Build.0 = Release|Any CPU
		{36F29014-A12D-45BB-892E-E5710E1CB72F}.Release|Mixed Platforms.ActiveCfg = Release|Any CPU
		{36F29014-A12D-45BB-892E-E5710E1CB72F}.Release|Mixed Platforms.Build.0 = Release|Any CPU
		{36F29014-A12D-45BB-892E-E5710E1CB72F}.Release|x86.ActiveCfg = Release|Any CPU
		{A209A60F-D556-4B3D-8937-9C3508D5C5B7}.Debug|Any CPU.ActiveCfg = Debug|Any CPU
		{A209A60F-D556-4B3D-8937-9C3508D5C5B7}.Debug|Any CPU.Build.0 = Debug|Any CPU
		{A209A60F-D556-4B3D-8937-9C3508D5C5B7}.Debug|Mixed Platforms.ActiveCfg = Debug|Any CPU
		{A209A60F-D556-4B3D-8937-9C3508D5C5B7}.Debug|Mixed Platforms.Build.0 = Debug|Any CPU
		{A209A60F-D556-4B3D-8937-9C3508D5C5B7}.Debug|x86.ActiveCfg = Debug|Any CPU
		{A209A60F-D556-4B3D-8937-9C3508D5C5B7}.Release|Any CPU.ActiveCfg = Release|Any CPU
		{A209A60F-D556-4B3D-8937-9C3508D5C5B7}.Release|Any CPU.Build.0 = Release|Any CPU
		{A209A60F-D556-4B3D-8937-9C3508D5C5B7}.Release|Mixed Platforms.ActiveCfg = Release|Any CPU
		{A209A60F-D556-4B3D-8937-9C3508D5C5B7}.Release|Mixed Platforms.Build.0 = Release|Any CPU
		{A209A60F-D556-4B3D-8937-9C3508D5C5B7}.Release|x86.ActiveCfg = Release|Any CPU
		{7F98F809-CE14-43D5-B3DF-40D8F0B7A1AF}.Debug|Any CPU.ActiveCfg = Debug|Any CPU
		{7F98F809-CE14-43D5-B3DF-40D8F0B7A1AF}.Debug|Any CPU.Build.0 = Debug|Any CPU
		{7F98F809-CE14-43D5-B3DF-40D8F0B7A1AF}.Debug|Mixed Platforms.ActiveCfg = Debug|Any CPU
		{7F98F809-CE14-43D5-B3DF-40D8F0B7A1AF}.Debug|Mixed Platforms.Build.0 = Debug|Any CPU
		{7F98F809-CE14-43D5-B3DF-40D8F0B7A1AF}.Debug|x86.ActiveCfg = Debug|Any CPU
		{7F98F809-CE14-43D5-B3DF-40D8F0B7A1AF}.Debug|x86.Build.0 = Debug|Any CPU
		{7F98F809-CE14-43D5-B3DF-40D8F0B7A1AF}.Release|Any CPU.ActiveCfg = Release|Any CPU
		{7F98F809-CE14-43D5-B3DF-40D8F0B7A1AF}.Release|Any CPU.Build.0 = Release|Any CPU
		{7F98F809-CE14-43D5-B3DF-40D8F0B7A1AF}.Release|Mixed Platforms.ActiveCfg = Release|Any CPU
		{7F98F809-CE14-43D5-B3DF-40D8F0B7A1AF}.Release|Mixed Platforms.Build.0 = Release|Any CPU
		{7F98F809-CE14-43D5-B3DF-40D8F0B7A1AF}.Release|x86.ActiveCfg = Release|Any CPU
		{7F98F809-CE14-43D5-B3DF-40D8F0B7A1AF}.Release|x86.Build.0 = Release|Any CPU
		{9B9B2933-D6CD-41C1-BE5E-B687176FB161}.Debug|Any CPU.ActiveCfg = Debug|Any CPU
		{9B9B2933-D6CD-41C1-BE5E-B687176FB161}.Debug|Any CPU.Build.0 = Debug|Any CPU
		{9B9B2933-D6CD-41C1-BE5E-B687176FB161}.Debug|Mixed Platforms.ActiveCfg = Debug|Any CPU
		{9B9B2933-D6CD-41C1-BE5E-B687176FB161}.Debug|Mixed Platforms.Build.0 = Debug|Any CPU
		{9B9B2933-D6CD-41C1-BE5E-B687176FB161}.Debug|x86.ActiveCfg = Debug|Any CPU
		{9B9B2933-D6CD-41C1-BE5E-B687176FB161}.Debug|x86.Build.0 = Debug|Any CPU
		{9B9B2933-D6CD-41C1-BE5E-B687176FB161}.Release|Any CPU.ActiveCfg = Release|Any CPU
		{9B9B2933-D6CD-41C1-BE5E-B687176FB161}.Release|Any CPU.Build.0 = Release|Any CPU
		{9B9B2933-D6CD-41C1-BE5E-B687176FB161}.Release|Mixed Platforms.ActiveCfg = Release|Any CPU
		{9B9B2933-D6CD-41C1-BE5E-B687176FB161}.Release|Mixed Platforms.Build.0 = Release|Any CPU
		{9B9B2933-D6CD-41C1-BE5E-B687176FB161}.Release|x86.ActiveCfg = Release|Any CPU
		{9B9B2933-D6CD-41C1-BE5E-B687176FB161}.Release|x86.Build.0 = Release|Any CPU
	EndGlobalSection
	GlobalSection(SolutionProperties) = preSolution
		HideSolutionNode = FALSE
	EndGlobalSection
	GlobalSection(NestedProjects) = preSolution
		{8F0F4237-4D13-40DD-AE8A-C3DE748B26E0} = {63B868D2-6CFF-4B03-8A57-F8963055418D}
		{0ACE1995-6254-47F1-8758-C79B9CDCF424} = {63B868D2-6CFF-4B03-8A57-F8963055418D}
		{8F1AE0DE-A9F1-43A7-ACE4-ACF667C2F813} = {63B868D2-6CFF-4B03-8A57-F8963055418D}
		{F44AFFAC-9042-47E5-B5E5-921A7AAFF603} = {63B868D2-6CFF-4B03-8A57-F8963055418D}
		{568329DC-3004-4283-945E-375FB6D908B1} = {63B868D2-6CFF-4B03-8A57-F8963055418D}
		{9338057C-0762-4A72-8B12-9EB907D1538C} = {09629F97-3C50-4B71-8327-BC10CBEF07AD}
		{765FFD9B-D356-4E02-BD56-FF52E4E6DD40} = {2A4234BB-564F-402C-9C23-466843666189}
		{28DFD6DA-925D-41A7-ABBB-A2976CA1A1D8} = {2A4234BB-564F-402C-9C23-466843666189}
		{EA876B64-CFF0-4985-B59C-1602B3486D3D} = {2A4234BB-564F-402C-9C23-466843666189}
		{6F6D230D-A249-4956-8474-518B4E091E88} = {5179F554-5939-450B-B4BB-B177977DEA9B}
		{8C197DD4-82E0-4AB3-9091-C61556F4CE64} = {5179F554-5939-450B-B4BB-B177977DEA9B}
		{65B743B9-62D5-44C9-AD3A-730E029C799C} = {5179F554-5939-450B-B4BB-B177977DEA9B}
		{17C4E2B2-878B-4674-A78C-8D446B376C23} = {9854DD26-9CA3-45ED-9A51-C614C0F5EBD8}
		{8CFE6672-4BF7-478B-9059-538D0C93F609} = {09629F97-3C50-4B71-8327-BC10CBEF07AD}
		{32A14B75-6845-48B0-9FB9-9F0DD4D58369} = {8CFE6672-4BF7-478B-9059-538D0C93F609}
		{B685E0F6-0082-453F-9494-4EEA87E204EB} = {8CFE6672-4BF7-478B-9059-538D0C93F609}
		{3A9CEFCA-C78A-40C4-AD67-3BA26F88FBA4} = {8CFE6672-4BF7-478B-9059-538D0C93F609}
		{783A0458-39C6-44A1-927F-3DC075749CC8} = {8CFE6672-4BF7-478B-9059-538D0C93F609}
		{FE0F02EB-3D0B-43FD-B37E-7D191549C757} = {8CFE6672-4BF7-478B-9059-538D0C93F609}
		{3252AAB9-C673-4FEF-BDD0-1EF0C24574E1} = {5179F554-5939-450B-B4BB-B177977DEA9B}
		{C9499804-3A9D-4694-A2A2-BB252CFF85A2} = {5179F554-5939-450B-B4BB-B177977DEA9B}
		{E50CA187-1EF5-448D-9662-071FC0165159} = {5179F554-5939-450B-B4BB-B177977DEA9B}
		{71DFF3CA-9558-4B6D-893C-7E3F590B7A56} = {2A4234BB-564F-402C-9C23-466843666189}
		{2C852DF3-6AA0-48CB-9143-DA1F9EB66B7F} = {5449B0A4-D483-4A16-9CCE-18B0D435EE2E}
		{94A0F903-7619-4DAF-8615-CAAFA1663386} = {5179F554-5939-450B-B4BB-B177977DEA9B}
		{765BBD88-D374-48C0-879F-CCFBB14E7C5C} = {09629F97-3C50-4B71-8327-BC10CBEF07AD}
		{5A88E91C-9762-4244-B7C5-6F4D8597B43D} = {09629F97-3C50-4B71-8327-BC10CBEF07AD}
		{A964C53B-1764-42FE-B004-D28FB800396F} = {2A4234BB-564F-402C-9C23-466843666189}
		{45939A9E-04FA-44FA-AE35-2AADEB4ED65E} = {5449B0A4-D483-4A16-9CCE-18B0D435EE2E}
		{6F8475C6-FCA9-472E-8C66-83F250A4E7C8} = {5179F554-5939-450B-B4BB-B177977DEA9B}
		{36F29014-A12D-45BB-892E-E5710E1CB72F} = {9854DD26-9CA3-45ED-9A51-C614C0F5EBD8}
		{A209A60F-D556-4B3D-8937-9C3508D5C5B7} = {09629F97-3C50-4B71-8327-BC10CBEF07AD}
		{7F98F809-CE14-43D5-B3DF-40D8F0B7A1AF} = {9854DD26-9CA3-45ED-9A51-C614C0F5EBD8}
		{9B9B2933-D6CD-41C1-BE5E-B687176FB161} = {9854DD26-9CA3-45ED-9A51-C614C0F5EBD8}
	EndGlobalSection
	GlobalSection(ExtensibilityGlobals) = postSolution
		SolutionGuid = {0F0161B3-B516-4F75-AEC8-20C6F08526DE}
	EndGlobalSection
EndGlobal
