
Microsoft Visual Studio Solution File, Format Version 11.00
# Visual Studio 2010
Project("{F088123C-0E9E-452A-89E6-6BA2F21D5CAC}") = "ModelingProject", "ModelingProject\ModelingProject.modelproj", "{794DD203-5506-49C7-8B26-6B5A94E3D61C}"
EndProject
Project("{FAE04EC0-301F-11D3-BF4B-00C04F79EFBC}") = "ModelingProjectLib", "ModelingProjectLib\ModelingProjectLib.csproj", "{12CDBFC6-A83B-47BF-8BAF-DC749C21E9CC}"
EndProject
Project("{FAE04EC0-301F-11D3-BF4B-00C04F79EFBC}") = "PCS.DomainModel", "PCS.DomainModel\PCS.DomainModel.csproj", "{A7063044-E1F3-4557-B485-CE010E81C075}"
EndProject
Global
	GlobalSection(TeamFoundationVersionControl) = preSolution
		SccNumberOfProjects = 4
		SccEnterpriseProvider = {4CA58AB2-18FA-4F8D-95D4-32DDF27D184C}
		SccTeamFoundationServer = https://tfs.codeplex.com/tfs/tfs23
		SccLocalPath0 = .
		SccProjectUniqueName1 = ModelingProject\\ModelingProject.modelproj
		SccProjectName1 = ModelingProject
		SccLocalPath1 = ModelingProject
		SccProjectUniqueName2 = ModelingProjectLib\\ModelingProjectLib.csproj
		SccProjectName2 = ModelingProjectLib
		SccLocalPath2 = ModelingProjectLib
		SccProjectUniqueName3 = PCS.DomainModel\\PCS.DomainModel.csproj
		SccProjectName3 = PCS.DomainModel
		SccLocalPath3 = PCS.DomainModel
	EndGlobalSection
	GlobalSection(SolutionConfigurationPlatforms) = preSolution
		Debug|Any CPU = Debug|Any CPU
		Release|Any CPU = Release|Any CPU
	EndGlobalSection
	GlobalSection(ProjectConfigurationPlatforms) = postSolution
		{794DD203-5506-49C7-8B26-6B5A94E3D61C}.Debug|Any CPU.ActiveCfg = Debug|Any CPU
		{794DD203-5506-49C7-8B26-6B5A94E3D61C}.Debug|Any CPU.Build.0 = Debug|Any CPU
		{794DD203-5506-49C7-8B26-6B5A94E3D61C}.Release|Any CPU.ActiveCfg = Release|Any CPU
		{794DD203-5506-49C7-8B26-6B5A94E3D61C}.Release|Any CPU.Build.0 = Release|Any CPU
		{12CDBFC6-A83B-47BF-8BAF-DC749C21E9CC}.Debug|Any CPU.ActiveCfg = Debug|Any CPU
		{12CDBFC6-A83B-47BF-8BAF-DC749C21E9CC}.Debug|Any CPU.Build.0 = Debug|Any CPU
		{12CDBFC6-A83B-47BF-8BAF-DC749C21E9CC}.Release|Any CPU.ActiveCfg = Release|Any CPU
		{12CDBFC6-A83B-47BF-8BAF-DC749C21E9CC}.Release|Any CPU.Build.0 = Release|Any CPU
		{A7063044-E1F3-4557-B485-CE010E81C075}.Debug|Any CPU.ActiveCfg = Debug|Any CPU
		{A7063044-E1F3-4557-B485-CE010E81C075}.Debug|Any CPU.Build.0 = Debug|Any CPU
		{A7063044-E1F3-4557-B485-CE010E81C075}.Release|Any CPU.ActiveCfg = Release|Any CPU
		{A7063044-E1F3-4557-B485-CE010E81C075}.Release|Any CPU.Build.0 = Release|Any CPU
	EndGlobalSection
	GlobalSection(SolutionProperties) = preSolution
		HideSolutionNode = FALSE
	EndGlobalSection
EndGlobal
